// !$*UTF8*$!
{
	archiveVersion = 1;
	classes = {
	};
	objectVersion = 46;
	objects = {

/* Begin PBXBuildFile section */
		12DD72FE227AF15C003D1A2D /* ViperMcFlurry_ExampleTests.swift in Sources */ = {isa = PBXBuildFile; fileRef = 12DD72FD227AF15C003D1A2D /* ViperMcFlurry_ExampleTests.swift */; };
		12E4BAE6240E8A6F00BAA9B3 /* Shared.swift in Sources */ = {isa = PBXBuildFile; fileRef = 12E4BACE240E8A6F00BAA9B3 /* Shared.swift */; };
		12E4BAE7240E8A6F00BAA9B3 /* RootModuleInput.swift in Sources */ = {isa = PBXBuildFile; fileRef = 12E4BAD1240E8A6F00BAA9B3 /* RootModuleInput.swift */; };
		12E4BAE8240E8A6F00BAA9B3 /* RootModuleOutput.swift in Sources */ = {isa = PBXBuildFile; fileRef = 12E4BAD2240E8A6F00BAA9B3 /* RootModuleOutput.swift */; };
		12E4BAE9240E8A6F00BAA9B3 /* RootPresenter.swift in Sources */ = {isa = PBXBuildFile; fileRef = 12E4BAD3240E8A6F00BAA9B3 /* RootPresenter.swift */; };
		12E4BAEA240E8A6F00BAA9B3 /* RootModuleConfig.swift in Sources */ = {isa = PBXBuildFile; fileRef = 12E4BAD5240E8A6F00BAA9B3 /* RootModuleConfig.swift */; };
		12E4BAEB240E8A6F00BAA9B3 /* RootViewController.swift in Sources */ = {isa = PBXBuildFile; fileRef = 12E4BAD7240E8A6F00BAA9B3 /* RootViewController.swift */; };
		12E4BAEC240E8A6F00BAA9B3 /* RootViewOutput.swift in Sources */ = {isa = PBXBuildFile; fileRef = 12E4BAD8240E8A6F00BAA9B3 /* RootViewOutput.swift */; };
		12E4BAED240E8A6F00BAA9B3 /* RootRootView.swift in Sources */ = {isa = PBXBuildFile; fileRef = 12E4BAD9240E8A6F00BAA9B3 /* RootRootView.swift */; };
		12E4BAEE240E8A6F00BAA9B3 /* RootRootViewState.swift in Sources */ = {isa = PBXBuildFile; fileRef = 12E4BADA240E8A6F00BAA9B3 /* RootRootViewState.swift */; };
		12E4BAEF240E8A6F00BAA9B3 /* RootRootViewDelegate.swift in Sources */ = {isa = PBXBuildFile; fileRef = 12E4BADB240E8A6F00BAA9B3 /* RootRootViewDelegate.swift */; };
		12E4BAF0240E8A6F00BAA9B3 /* RootViewInput.swift in Sources */ = {isa = PBXBuildFile; fileRef = 12E4BADC240E8A6F00BAA9B3 /* RootViewInput.swift */; };
		12E4BAF1240E8A6F00BAA9B3 /* RootConfigurator.swift in Sources */ = {isa = PBXBuildFile; fileRef = 12E4BADE240E8A6F00BAA9B3 /* RootConfigurator.swift */; };
		12E4BAF2240E8A6F00BAA9B3 /* RootInteractorInput.swift in Sources */ = {isa = PBXBuildFile; fileRef = 12E4BAE0240E8A6F00BAA9B3 /* RootInteractorInput.swift */; };
		12E4BAF3240E8A6F00BAA9B3 /* RootInteractor.swift in Sources */ = {isa = PBXBuildFile; fileRef = 12E4BAE1240E8A6F00BAA9B3 /* RootInteractor.swift */; };
		12E4BAF4240E8A6F00BAA9B3 /* RootInteractorOutput.swift in Sources */ = {isa = PBXBuildFile; fileRef = 12E4BAE2240E8A6F00BAA9B3 /* RootInteractorOutput.swift */; };
		12E4BAF5240E8A6F00BAA9B3 /* RootRouterInput.swift in Sources */ = {isa = PBXBuildFile; fileRef = 12E4BAE4240E8A6F00BAA9B3 /* RootRouterInput.swift */; };
		12E4BAF6240E8A6F00BAA9B3 /* RootRouter.swift in Sources */ = {isa = PBXBuildFile; fileRef = 12E4BAE5240E8A6F00BAA9B3 /* RootRouter.swift */; };
		12E4BAF8240E9F5B00BAA9B3 /* SwiftViewController.swift in Sources */ = {isa = PBXBuildFile; fileRef = 12E4BAF7240E9F5B00BAA9B3 /* SwiftViewController.swift */; };
		162C73251B789D6700226B47 /* RamblerModuleAlphaInteractor.m in Sources */ = {isa = PBXBuildFile; fileRef = 162C73171B789D6700226B47 /* RamblerModuleAlphaInteractor.m */; };
		162C73271B789D6700226B47 /* RamblerModuleAlphaPresenter.m in Sources */ = {isa = PBXBuildFile; fileRef = 162C731D1B789D6700226B47 /* RamblerModuleAlphaPresenter.m */; };
		162C73281B789D6700226B47 /* RamblerModuleAlphaRouter.m in Sources */ = {isa = PBXBuildFile; fileRef = 162C731F1B789D6700226B47 /* RamblerModuleAlphaRouter.m */; };
		162C73291B789D6700226B47 /* RamblerModuleAlphaViewController.m in Sources */ = {isa = PBXBuildFile; fileRef = 162C73221B789D6700226B47 /* RamblerModuleAlphaViewController.m */; };
		162C73401B78A45F00226B47 /* RamblerModuleBetaInteractor.m in Sources */ = {isa = PBXBuildFile; fileRef = 162C73321B78A45F00226B47 /* RamblerModuleBetaInteractor.m */; };
		162C73421B78A45F00226B47 /* RamblerModuleBetaPresenter.m in Sources */ = {isa = PBXBuildFile; fileRef = 162C73381B78A45F00226B47 /* RamblerModuleBetaPresenter.m */; };
		162C73431B78A45F00226B47 /* RamblerModuleBetaRouter.m in Sources */ = {isa = PBXBuildFile; fileRef = 162C733A1B78A45F00226B47 /* RamblerModuleBetaRouter.m */; };
		162C73441B78A45F00226B47 /* RamblerModuleBetaViewController.m in Sources */ = {isa = PBXBuildFile; fileRef = 162C733D1B78A45F00226B47 /* RamblerModuleBetaViewController.m */; };
		429835321E2E835700DB54EC /* RamblerModuleGammaInteractor.m in Sources */ = {isa = PBXBuildFile; fileRef = 429835241E2E835700DB54EC /* RamblerModuleGammaInteractor.m */; };
		429835331E2E835700DB54EC /* RamblerModuleGammaModuleAssembly.m in Sources */ = {isa = PBXBuildFile; fileRef = 429835281E2E835700DB54EC /* RamblerModuleGammaModuleAssembly.m */; };
		429835341E2E835700DB54EC /* RamblerModuleGammaPresenter.m in Sources */ = {isa = PBXBuildFile; fileRef = 4298352A1E2E835700DB54EC /* RamblerModuleGammaPresenter.m */; };
		429835351E2E835700DB54EC /* RamblerModuleGammaRouter.m in Sources */ = {isa = PBXBuildFile; fileRef = 4298352C1E2E835700DB54EC /* RamblerModuleGammaRouter.m */; };
		429835361E2E835700DB54EC /* RamblerModuleGammaViewController.m in Sources */ = {isa = PBXBuildFile; fileRef = 4298352F1E2E835700DB54EC /* RamblerModuleGammaViewController.m */; };
		4298353C1E2E8FFE00DB54EC /* RamblerModuleGammaViewController.xib in Resources */ = {isa = PBXBuildFile; fileRef = 4298353B1E2E8FFE00DB54EC /* RamblerModuleGammaViewController.xib */; };
		6003F58E195388D20070C39A /* Foundation.framework in Frameworks */ = {isa = PBXBuildFile; fileRef = 6003F58D195388D20070C39A /* Foundation.framework */; };
		6003F590195388D20070C39A /* CoreGraphics.framework in Frameworks */ = {isa = PBXBuildFile; fileRef = 6003F58F195388D20070C39A /* CoreGraphics.framework */; };
		6003F592195388D20070C39A /* UIKit.framework in Frameworks */ = {isa = PBXBuildFile; fileRef = 6003F591195388D20070C39A /* UIKit.framework */; };
		6003F598195388D20070C39A /* InfoPlist.strings in Resources */ = {isa = PBXBuildFile; fileRef = 6003F596195388D20070C39A /* InfoPlist.strings */; };
		6003F59A195388D20070C39A /* main.m in Sources */ = {isa = PBXBuildFile; fileRef = 6003F599195388D20070C39A /* main.m */; };
		6003F59E195388D20070C39A /* RamblerAppDelegate.m in Sources */ = {isa = PBXBuildFile; fileRef = 6003F59D195388D20070C39A /* RamblerAppDelegate.m */; };
		6003F5A9195388D20070C39A /* Images.xcassets in Resources */ = {isa = PBXBuildFile; fileRef = 6003F5A8195388D20070C39A /* Images.xcassets */; };
		873B8AEB1B1F5CCA007FD442 /* Main.storyboard in Resources */ = {isa = PBXBuildFile; fileRef = 873B8AEA1B1F5CCA007FD442 /* Main.storyboard */; };
		C0373C352443DD26007632C0 /* ColorsPresenter.swift in Sources */ = {isa = PBXBuildFile; fileRef = C0373C342443DD26007632C0 /* ColorsPresenter.swift */; };
		C0373C372443DD30007632C0 /* ColorsModuleInput.swift in Sources */ = {isa = PBXBuildFile; fileRef = C0373C362443DD30007632C0 /* ColorsModuleInput.swift */; };
		C0373C392443DD38007632C0 /* ColorsModuleOutput.swift in Sources */ = {isa = PBXBuildFile; fileRef = C0373C382443DD38007632C0 /* ColorsModuleOutput.swift */; };
		C0373C3B2443DD7E007632C0 /* ColorsRouterInput.swift in Sources */ = {isa = PBXBuildFile; fileRef = C0373C3A2443DD7E007632C0 /* ColorsRouterInput.swift */; };
		C0373C3D2443DD84007632C0 /* ColorsRouter.swift in Sources */ = {isa = PBXBuildFile; fileRef = C0373C3C2443DD84007632C0 /* ColorsRouter.swift */; };
		C0373C3F2443DDB2007632C0 /* ColorsInteractorInput.swift in Sources */ = {isa = PBXBuildFile; fileRef = C0373C3E2443DDB2007632C0 /* ColorsInteractorInput.swift */; };
		C0373C412443DDBA007632C0 /* ColorsInteractor.swift in Sources */ = {isa = PBXBuildFile; fileRef = C0373C402443DDBA007632C0 /* ColorsInteractor.swift */; };
		C0373C432443DDD8007632C0 /* ColorsModuleConfigurator.swift in Sources */ = {isa = PBXBuildFile; fileRef = C0373C422443DDD8007632C0 /* ColorsModuleConfigurator.swift */; };
		C0373C452443DDFA007632C0 /* ColorsViewInput.swift in Sources */ = {isa = PBXBuildFile; fileRef = C0373C442443DDFA007632C0 /* ColorsViewInput.swift */; };
		C0373C472443DE01007632C0 /* ColorsViewOutput.swift in Sources */ = {isa = PBXBuildFile; fileRef = C0373C462443DE01007632C0 /* ColorsViewOutput.swift */; };
		C0373C492443DE0C007632C0 /* ColorsViewController.swift in Sources */ = {isa = PBXBuildFile; fileRef = C0373C482443DE0C007632C0 /* ColorsViewController.swift */; };
		C0373C4C2443DE6E007632C0 /* Colors.storyboard in Resources */ = {isa = PBXBuildFile; fileRef = C0373C4B2443DE6E007632C0 /* Colors.storyboard */; };
		C0373C4F2443DEA2007632C0 /* ColorsTableViewCell.swift in Sources */ = {isa = PBXBuildFile; fileRef = C0373C4E2443DEA2007632C0 /* ColorsTableViewCell.swift */; };
		C0373C522443E123007632C0 /* ColorsViewModel.swift in Sources */ = {isa = PBXBuildFile; fileRef = C0373C512443E123007632C0 /* ColorsViewModel.swift */; };
		C0373C562443E2B9007632C0 /* ColorPreview.storyboard in Resources */ = {isa = PBXBuildFile; fileRef = C0373C552443E2B9007632C0 /* ColorPreview.storyboard */; };
		C0373C582443E2C4007632C0 /* ColorPreviewViewController.swift in Sources */ = {isa = PBXBuildFile; fileRef = C0373C572443E2C4007632C0 /* ColorPreviewViewController.swift */; };
		C0373C5A2443E329007632C0 /* ColorPreviewViewInput.swift in Sources */ = {isa = PBXBuildFile; fileRef = C0373C592443E329007632C0 /* ColorPreviewViewInput.swift */; };
		C0373C5C2443E35D007632C0 /* ColorPreviewViewOutput.swift in Sources */ = {isa = PBXBuildFile; fileRef = C0373C5B2443E35D007632C0 /* ColorPreviewViewOutput.swift */; };
		C0373C5F2443E38C007632C0 /* ColorPreviewPresenter.swift in Sources */ = {isa = PBXBuildFile; fileRef = C0373C5E2443E38C007632C0 /* ColorPreviewPresenter.swift */; };
		C0373C612443E394007632C0 /* ColorPreviewModuleInput.swift in Sources */ = {isa = PBXBuildFile; fileRef = C0373C602443E394007632C0 /* ColorPreviewModuleInput.swift */; };
		C0373C642443E428007632C0 /* ColorPreviewModuleConfigurator.swift in Sources */ = {isa = PBXBuildFile; fileRef = C0373C632443E428007632C0 /* ColorPreviewModuleConfigurator.swift */; };
		C2C905018238A19115ED6AC6 /* Pods_ViperMcFlurry_Example.framework in Frameworks */ = {isa = PBXBuildFile; fileRef = 8284984F2455D95519E1A3D9 /* Pods_ViperMcFlurry_Example.framework */; };
		C9BFC7A7F91159949CABC5FD /* Pods_ViperMcFlurry_ExampleTests.framework in Frameworks */ = {isa = PBXBuildFile; fileRef = 0CD322451E0B42CA7879F4B1 /* Pods_ViperMcFlurry_ExampleTests.framework */; };
		D24D49021BD1049400C77475 /* RamblerModuleBetaModuleAssembly.m in Sources */ = {isa = PBXBuildFile; fileRef = D24D49011BD1049400C77475 /* RamblerModuleBetaModuleAssembly.m */; };
		D24D49051BD1049E00C77475 /* RamblerModuleAlphaModuleAssembly.m in Sources */ = {isa = PBXBuildFile; fileRef = D24D49041BD1049E00C77475 /* RamblerModuleAlphaModuleAssembly.m */; };
		D24D49071BD4C9ED00C77475 /* LaunchScreen.storyboard in Resources */ = {isa = PBXBuildFile; fileRef = D24D49061BD4C9ED00C77475 /* LaunchScreen.storyboard */; };
/* End PBXBuildFile section */

/* Begin PBXContainerItemProxy section */
		12DD7300227AF15C003D1A2D /* PBXContainerItemProxy */ = {
			isa = PBXContainerItemProxy;
			containerPortal = 6003F582195388D10070C39A /* Project object */;
			proxyType = 1;
			remoteGlobalIDString = 6003F589195388D20070C39A;
			remoteInfo = ViperMcFlurry_Example;
		};
/* End PBXContainerItemProxy section */

/* Begin PBXFileReference section */
		0CD322451E0B42CA7879F4B1 /* Pods_ViperMcFlurry_ExampleTests.framework */ = {isa = PBXFileReference; explicitFileType = wrapper.framework; includeInIndex = 0; path = Pods_ViperMcFlurry_ExampleTests.framework; sourceTree = BUILT_PRODUCTS_DIR; };
		12DD72E6227AEC0D003D1A2D /* ViperMcFlurry_Example-Bridging-Header.h */ = {isa = PBXFileReference; lastKnownFileType = sourcecode.c.h; path = "ViperMcFlurry_Example-Bridging-Header.h"; sourceTree = "<group>"; };
		12DD72FB227AF15C003D1A2D /* ViperMcFlurry_ExampleTests.xctest */ = {isa = PBXFileReference; explicitFileType = wrapper.cfbundle; includeInIndex = 0; path = ViperMcFlurry_ExampleTests.xctest; sourceTree = BUILT_PRODUCTS_DIR; };
		12DD72FD227AF15C003D1A2D /* ViperMcFlurry_ExampleTests.swift */ = {isa = PBXFileReference; lastKnownFileType = sourcecode.swift; path = ViperMcFlurry_ExampleTests.swift; sourceTree = "<group>"; };
		12DD72FF227AF15C003D1A2D /* Info.plist */ = {isa = PBXFileReference; lastKnownFileType = text.plist.xml; path = Info.plist; sourceTree = "<group>"; };
		12E15D7C2091D19500D33294 /* RamblerModuleBetaOutput.h */ = {isa = PBXFileReference; lastKnownFileType = sourcecode.c.h; path = RamblerModuleBetaOutput.h; sourceTree = "<group>"; };
		12E4BACE240E8A6F00BAA9B3 /* Shared.swift */ = {isa = PBXFileReference; fileEncoding = 4; lastKnownFileType = sourcecode.swift; path = Shared.swift; sourceTree = "<group>"; };
		12E4BAD1240E8A6F00BAA9B3 /* RootModuleInput.swift */ = {isa = PBXFileReference; fileEncoding = 4; lastKnownFileType = sourcecode.swift; path = RootModuleInput.swift; sourceTree = "<group>"; };
		12E4BAD2240E8A6F00BAA9B3 /* RootModuleOutput.swift */ = {isa = PBXFileReference; fileEncoding = 4; lastKnownFileType = sourcecode.swift; path = RootModuleOutput.swift; sourceTree = "<group>"; };
		12E4BAD3240E8A6F00BAA9B3 /* RootPresenter.swift */ = {isa = PBXFileReference; fileEncoding = 4; lastKnownFileType = sourcecode.swift; path = RootPresenter.swift; sourceTree = "<group>"; };
		12E4BAD5240E8A6F00BAA9B3 /* RootModuleConfig.swift */ = {isa = PBXFileReference; fileEncoding = 4; lastKnownFileType = sourcecode.swift; path = RootModuleConfig.swift; sourceTree = "<group>"; };
		12E4BAD7240E8A6F00BAA9B3 /* RootViewController.swift */ = {isa = PBXFileReference; fileEncoding = 4; lastKnownFileType = sourcecode.swift; path = RootViewController.swift; sourceTree = "<group>"; };
		12E4BAD8240E8A6F00BAA9B3 /* RootViewOutput.swift */ = {isa = PBXFileReference; fileEncoding = 4; lastKnownFileType = sourcecode.swift; path = RootViewOutput.swift; sourceTree = "<group>"; };
		12E4BAD9240E8A6F00BAA9B3 /* RootRootView.swift */ = {isa = PBXFileReference; fileEncoding = 4; lastKnownFileType = sourcecode.swift; path = RootRootView.swift; sourceTree = "<group>"; };
		12E4BADA240E8A6F00BAA9B3 /* RootRootViewState.swift */ = {isa = PBXFileReference; fileEncoding = 4; lastKnownFileType = sourcecode.swift; path = RootRootViewState.swift; sourceTree = "<group>"; };
		12E4BADB240E8A6F00BAA9B3 /* RootRootViewDelegate.swift */ = {isa = PBXFileReference; fileEncoding = 4; lastKnownFileType = sourcecode.swift; path = RootRootViewDelegate.swift; sourceTree = "<group>"; };
		12E4BADC240E8A6F00BAA9B3 /* RootViewInput.swift */ = {isa = PBXFileReference; fileEncoding = 4; lastKnownFileType = sourcecode.swift; path = RootViewInput.swift; sourceTree = "<group>"; };
		12E4BADE240E8A6F00BAA9B3 /* RootConfigurator.swift */ = {isa = PBXFileReference; fileEncoding = 4; lastKnownFileType = sourcecode.swift; path = RootConfigurator.swift; sourceTree = "<group>"; };
		12E4BAE0240E8A6F00BAA9B3 /* RootInteractorInput.swift */ = {isa = PBXFileReference; fileEncoding = 4; lastKnownFileType = sourcecode.swift; path = RootInteractorInput.swift; sourceTree = "<group>"; };
		12E4BAE1240E8A6F00BAA9B3 /* RootInteractor.swift */ = {isa = PBXFileReference; fileEncoding = 4; lastKnownFileType = sourcecode.swift; path = RootInteractor.swift; sourceTree = "<group>"; };
		12E4BAE2240E8A6F00BAA9B3 /* RootInteractorOutput.swift */ = {isa = PBXFileReference; fileEncoding = 4; lastKnownFileType = sourcecode.swift; path = RootInteractorOutput.swift; sourceTree = "<group>"; };
		12E4BAE4240E8A6F00BAA9B3 /* RootRouterInput.swift */ = {isa = PBXFileReference; fileEncoding = 4; lastKnownFileType = sourcecode.swift; path = RootRouterInput.swift; sourceTree = "<group>"; };
		12E4BAE5240E8A6F00BAA9B3 /* RootRouter.swift */ = {isa = PBXFileReference; fileEncoding = 4; lastKnownFileType = sourcecode.swift; path = RootRouter.swift; sourceTree = "<group>"; };
		12E4BAF7240E9F5B00BAA9B3 /* SwiftViewController.swift */ = {isa = PBXFileReference; lastKnownFileType = sourcecode.swift; path = SwiftViewController.swift; sourceTree = "<group>"; };
		162C73161B789D6700226B47 /* RamblerModuleAlphaInteractor.h */ = {isa = PBXFileReference; fileEncoding = 4; lastKnownFileType = sourcecode.c.h; name = RamblerModuleAlphaInteractor.h; path = Viper/ModuleAlpha/RamblerModuleAlphaInteractor.h; sourceTree = "<group>"; };
		162C73171B789D6700226B47 /* RamblerModuleAlphaInteractor.m */ = {isa = PBXFileReference; fileEncoding = 4; lastKnownFileType = sourcecode.c.objc; name = RamblerModuleAlphaInteractor.m; path = Viper/ModuleAlpha/RamblerModuleAlphaInteractor.m; sourceTree = "<group>"; };
		162C73181B789D6700226B47 /* RamblerModuleAlphaInteractorInput.h */ = {isa = PBXFileReference; fileEncoding = 4; lastKnownFileType = sourcecode.c.h; name = RamblerModuleAlphaInteractorInput.h; path = Viper/ModuleAlpha/RamblerModuleAlphaInteractorInput.h; sourceTree = "<group>"; };
		162C73191B789D6700226B47 /* RamblerModuleAlphaInteractorOutput.h */ = {isa = PBXFileReference; fileEncoding = 4; lastKnownFileType = sourcecode.c.h; name = RamblerModuleAlphaInteractorOutput.h; path = Viper/ModuleAlpha/RamblerModuleAlphaInteractorOutput.h; sourceTree = "<group>"; };
		162C731C1B789D6700226B47 /* RamblerModuleAlphaPresenter.h */ = {isa = PBXFileReference; fileEncoding = 4; lastKnownFileType = sourcecode.c.h; name = RamblerModuleAlphaPresenter.h; path = Viper/ModuleAlpha/RamblerModuleAlphaPresenter.h; sourceTree = "<group>"; };
		162C731D1B789D6700226B47 /* RamblerModuleAlphaPresenter.m */ = {isa = PBXFileReference; fileEncoding = 4; lastKnownFileType = sourcecode.c.objc; name = RamblerModuleAlphaPresenter.m; path = Viper/ModuleAlpha/RamblerModuleAlphaPresenter.m; sourceTree = "<group>"; };
		162C731E1B789D6700226B47 /* RamblerModuleAlphaRouter.h */ = {isa = PBXFileReference; fileEncoding = 4; lastKnownFileType = sourcecode.c.h; name = RamblerModuleAlphaRouter.h; path = Viper/ModuleAlpha/RamblerModuleAlphaRouter.h; sourceTree = "<group>"; };
		162C731F1B789D6700226B47 /* RamblerModuleAlphaRouter.m */ = {isa = PBXFileReference; fileEncoding = 4; lastKnownFileType = sourcecode.c.objc; name = RamblerModuleAlphaRouter.m; path = Viper/ModuleAlpha/RamblerModuleAlphaRouter.m; sourceTree = "<group>"; };
		162C73201B789D6700226B47 /* RamblerModuleAlphaRouterInput.h */ = {isa = PBXFileReference; fileEncoding = 4; lastKnownFileType = sourcecode.c.h; name = RamblerModuleAlphaRouterInput.h; path = Viper/ModuleAlpha/RamblerModuleAlphaRouterInput.h; sourceTree = "<group>"; };
		162C73211B789D6700226B47 /* RamblerModuleAlphaViewController.h */ = {isa = PBXFileReference; fileEncoding = 4; lastKnownFileType = sourcecode.c.h; name = RamblerModuleAlphaViewController.h; path = Viper/ModuleAlpha/RamblerModuleAlphaViewController.h; sourceTree = "<group>"; };
		162C73221B789D6700226B47 /* RamblerModuleAlphaViewController.m */ = {isa = PBXFileReference; fileEncoding = 4; lastKnownFileType = sourcecode.c.objc; name = RamblerModuleAlphaViewController.m; path = Viper/ModuleAlpha/RamblerModuleAlphaViewController.m; sourceTree = "<group>"; };
		162C73231B789D6700226B47 /* RamblerModuleAlphaViewInput.h */ = {isa = PBXFileReference; fileEncoding = 4; lastKnownFileType = sourcecode.c.h; name = RamblerModuleAlphaViewInput.h; path = Viper/ModuleAlpha/RamblerModuleAlphaViewInput.h; sourceTree = "<group>"; };
		162C73241B789D6700226B47 /* RamblerModuleAlphaViewOutput.h */ = {isa = PBXFileReference; fileEncoding = 4; lastKnownFileType = sourcecode.c.h; name = RamblerModuleAlphaViewOutput.h; path = Viper/ModuleAlpha/RamblerModuleAlphaViewOutput.h; sourceTree = "<group>"; };
		162C732F1B789EA100226B47 /* libPods-ViperMcFlurry_Example.a */ = {isa = PBXFileReference; lastKnownFileType = archive.ar; name = "libPods-ViperMcFlurry_Example.a"; path = "Pods/../build/Debug-iphoneos/libPods-ViperMcFlurry_Example.a"; sourceTree = "<group>"; };
		162C73311B78A45F00226B47 /* RamblerModuleBetaInteractor.h */ = {isa = PBXFileReference; fileEncoding = 4; lastKnownFileType = sourcecode.c.h; name = RamblerModuleBetaInteractor.h; path = Viper/ModuleBeta/RamblerModuleBetaInteractor.h; sourceTree = "<group>"; };
		162C73321B78A45F00226B47 /* RamblerModuleBetaInteractor.m */ = {isa = PBXFileReference; fileEncoding = 4; lastKnownFileType = sourcecode.c.objc; name = RamblerModuleBetaInteractor.m; path = Viper/ModuleBeta/RamblerModuleBetaInteractor.m; sourceTree = "<group>"; };
		162C73331B78A45F00226B47 /* RamblerModuleBetaInteractorInput.h */ = {isa = PBXFileReference; fileEncoding = 4; lastKnownFileType = sourcecode.c.h; name = RamblerModuleBetaInteractorInput.h; path = Viper/ModuleBeta/RamblerModuleBetaInteractorInput.h; sourceTree = "<group>"; };
		162C73341B78A45F00226B47 /* RamblerModuleBetaInteractorOutput.h */ = {isa = PBXFileReference; fileEncoding = 4; lastKnownFileType = sourcecode.c.h; name = RamblerModuleBetaInteractorOutput.h; path = Viper/ModuleBeta/RamblerModuleBetaInteractorOutput.h; sourceTree = "<group>"; };
		162C73371B78A45F00226B47 /* RamblerModuleBetaPresenter.h */ = {isa = PBXFileReference; fileEncoding = 4; lastKnownFileType = sourcecode.c.h; name = RamblerModuleBetaPresenter.h; path = Viper/ModuleBeta/RamblerModuleBetaPresenter.h; sourceTree = "<group>"; };
		162C73381B78A45F00226B47 /* RamblerModuleBetaPresenter.m */ = {isa = PBXFileReference; fileEncoding = 4; lastKnownFileType = sourcecode.c.objc; name = RamblerModuleBetaPresenter.m; path = Viper/ModuleBeta/RamblerModuleBetaPresenter.m; sourceTree = "<group>"; };
		162C73391B78A45F00226B47 /* RamblerModuleBetaRouter.h */ = {isa = PBXFileReference; fileEncoding = 4; lastKnownFileType = sourcecode.c.h; name = RamblerModuleBetaRouter.h; path = Viper/ModuleBeta/RamblerModuleBetaRouter.h; sourceTree = "<group>"; };
		162C733A1B78A45F00226B47 /* RamblerModuleBetaRouter.m */ = {isa = PBXFileReference; fileEncoding = 4; lastKnownFileType = sourcecode.c.objc; name = RamblerModuleBetaRouter.m; path = Viper/ModuleBeta/RamblerModuleBetaRouter.m; sourceTree = "<group>"; };
		162C733B1B78A45F00226B47 /* RamblerModuleBetaRouterInput.h */ = {isa = PBXFileReference; fileEncoding = 4; lastKnownFileType = sourcecode.c.h; name = RamblerModuleBetaRouterInput.h; path = Viper/ModuleBeta/RamblerModuleBetaRouterInput.h; sourceTree = "<group>"; };
		162C733C1B78A45F00226B47 /* RamblerModuleBetaViewController.h */ = {isa = PBXFileReference; fileEncoding = 4; lastKnownFileType = sourcecode.c.h; name = RamblerModuleBetaViewController.h; path = Viper/ModuleBeta/RamblerModuleBetaViewController.h; sourceTree = "<group>"; };
		162C733D1B78A45F00226B47 /* RamblerModuleBetaViewController.m */ = {isa = PBXFileReference; fileEncoding = 4; lastKnownFileType = sourcecode.c.objc; name = RamblerModuleBetaViewController.m; path = Viper/ModuleBeta/RamblerModuleBetaViewController.m; sourceTree = "<group>"; };
		162C733E1B78A45F00226B47 /* RamblerModuleBetaViewInput.h */ = {isa = PBXFileReference; fileEncoding = 4; lastKnownFileType = sourcecode.c.h; name = RamblerModuleBetaViewInput.h; path = Viper/ModuleBeta/RamblerModuleBetaViewInput.h; sourceTree = "<group>"; };
		162C733F1B78A45F00226B47 /* RamblerModuleBetaViewOutput.h */ = {isa = PBXFileReference; fileEncoding = 4; lastKnownFileType = sourcecode.c.h; name = RamblerModuleBetaViewOutput.h; path = Viper/ModuleBeta/RamblerModuleBetaViewOutput.h; sourceTree = "<group>"; };
		162C73491B78A4A500226B47 /* RamblerModuleBetaInput.h */ = {isa = PBXFileReference; fileEncoding = 4; lastKnownFileType = sourcecode.c.h; name = RamblerModuleBetaInput.h; path = Viper/ModuleBeta/RamblerModuleBetaInput.h; sourceTree = "<group>"; };
		169FC0D71B95C86E008547D7 /* ViperMcFlurry-Info.plist */ = {isa = PBXFileReference; fileEncoding = 4; lastKnownFileType = text.plist.xml; path = "ViperMcFlurry-Info.plist"; sourceTree = "<group>"; };
		169FC0D81B95C86E008547D7 /* ViperMcFlurry-Prefix.pch */ = {isa = PBXFileReference; fileEncoding = 4; lastKnownFileType = sourcecode.c.h; path = "ViperMcFlurry-Prefix.pch"; sourceTree = "<group>"; };
		29585292F60D04C0C6BFE358 /* LICENSE */ = {isa = PBXFileReference; includeInIndex = 1; lastKnownFileType = text; name = LICENSE; path = ../LICENSE; sourceTree = "<group>"; };
		29CC82345586C4F662E7C65C /* Pods-ViperMcFlurry_Example.release.xcconfig */ = {isa = PBXFileReference; includeInIndex = 1; lastKnownFileType = text.xcconfig; name = "Pods-ViperMcFlurry_Example.release.xcconfig"; path = "Pods/Target Support Files/Pods-ViperMcFlurry_Example/Pods-ViperMcFlurry_Example.release.xcconfig"; sourceTree = "<group>"; };
		3B165198AA9CE78A84AE9F07 /* Pods-ViperMcFlurry_ExampleTests2.debug.xcconfig */ = {isa = PBXFileReference; includeInIndex = 1; lastKnownFileType = text.xcconfig; name = "Pods-ViperMcFlurry_ExampleTests2.debug.xcconfig"; path = "Pods/Target Support Files/Pods-ViperMcFlurry_ExampleTests2/Pods-ViperMcFlurry_ExampleTests2.debug.xcconfig"; sourceTree = "<group>"; };
		3E218B7F42124CFBDB835247 /* Pods-ViperMcFlurry_Example.debug.xcconfig */ = {isa = PBXFileReference; includeInIndex = 1; lastKnownFileType = text.xcconfig; name = "Pods-ViperMcFlurry_Example.debug.xcconfig"; path = "Pods/Target Support Files/Pods-ViperMcFlurry_Example/Pods-ViperMcFlurry_Example.debug.xcconfig"; sourceTree = "<group>"; };
		3F6F5979FBF96E09EF139449 /* Pods_ViperMcFlurry_Tests.framework */ = {isa = PBXFileReference; explicitFileType = wrapper.framework; includeInIndex = 0; path = Pods_ViperMcFlurry_Tests.framework; sourceTree = BUILT_PRODUCTS_DIR; };
		429835221E2E835700DB54EC /* RamblerModuleGammaInput.h */ = {isa = PBXFileReference; fileEncoding = 4; lastKnownFileType = sourcecode.c.h; path = RamblerModuleGammaInput.h; sourceTree = "<group>"; };
		429835231E2E835700DB54EC /* RamblerModuleGammaInteractor.h */ = {isa = PBXFileReference; fileEncoding = 4; lastKnownFileType = sourcecode.c.h; path = RamblerModuleGammaInteractor.h; sourceTree = "<group>"; };
		429835241E2E835700DB54EC /* RamblerModuleGammaInteractor.m */ = {isa = PBXFileReference; fileEncoding = 4; lastKnownFileType = sourcecode.c.objc; path = RamblerModuleGammaInteractor.m; sourceTree = "<group>"; };
		429835251E2E835700DB54EC /* RamblerModuleGammaInteractorInput.h */ = {isa = PBXFileReference; fileEncoding = 4; lastKnownFileType = sourcecode.c.h; path = RamblerModuleGammaInteractorInput.h; sourceTree = "<group>"; };
		429835261E2E835700DB54EC /* RamblerModuleGammaInteractorOutput.h */ = {isa = PBXFileReference; fileEncoding = 4; lastKnownFileType = sourcecode.c.h; path = RamblerModuleGammaInteractorOutput.h; sourceTree = "<group>"; };
		429835271E2E835700DB54EC /* RamblerModuleGammaModuleAssembly.h */ = {isa = PBXFileReference; fileEncoding = 4; lastKnownFileType = sourcecode.c.h; path = RamblerModuleGammaModuleAssembly.h; sourceTree = "<group>"; };
		429835281E2E835700DB54EC /* RamblerModuleGammaModuleAssembly.m */ = {isa = PBXFileReference; fileEncoding = 4; lastKnownFileType = sourcecode.c.objc; path = RamblerModuleGammaModuleAssembly.m; sourceTree = "<group>"; };
		429835291E2E835700DB54EC /* RamblerModuleGammaPresenter.h */ = {isa = PBXFileReference; fileEncoding = 4; lastKnownFileType = sourcecode.c.h; path = RamblerModuleGammaPresenter.h; sourceTree = "<group>"; };
		4298352A1E2E835700DB54EC /* RamblerModuleGammaPresenter.m */ = {isa = PBXFileReference; fileEncoding = 4; lastKnownFileType = sourcecode.c.objc; path = RamblerModuleGammaPresenter.m; sourceTree = "<group>"; };
		4298352B1E2E835700DB54EC /* RamblerModuleGammaRouter.h */ = {isa = PBXFileReference; fileEncoding = 4; lastKnownFileType = sourcecode.c.h; path = RamblerModuleGammaRouter.h; sourceTree = "<group>"; };
		4298352C1E2E835700DB54EC /* RamblerModuleGammaRouter.m */ = {isa = PBXFileReference; fileEncoding = 4; lastKnownFileType = sourcecode.c.objc; path = RamblerModuleGammaRouter.m; sourceTree = "<group>"; };
		4298352D1E2E835700DB54EC /* RamblerModuleGammaRouterInput.h */ = {isa = PBXFileReference; fileEncoding = 4; lastKnownFileType = sourcecode.c.h; path = RamblerModuleGammaRouterInput.h; sourceTree = "<group>"; };
		4298352E1E2E835700DB54EC /* RamblerModuleGammaViewController.h */ = {isa = PBXFileReference; fileEncoding = 4; lastKnownFileType = sourcecode.c.h; path = RamblerModuleGammaViewController.h; sourceTree = "<group>"; };
		4298352F1E2E835700DB54EC /* RamblerModuleGammaViewController.m */ = {isa = PBXFileReference; fileEncoding = 4; lastKnownFileType = sourcecode.c.objc; path = RamblerModuleGammaViewController.m; sourceTree = "<group>"; };
		429835301E2E835700DB54EC /* RamblerModuleGammaViewInput.h */ = {isa = PBXFileReference; fileEncoding = 4; lastKnownFileType = sourcecode.c.h; path = RamblerModuleGammaViewInput.h; sourceTree = "<group>"; };
		429835311E2E835700DB54EC /* RamblerModuleGammaViewOutput.h */ = {isa = PBXFileReference; fileEncoding = 4; lastKnownFileType = sourcecode.c.h; path = RamblerModuleGammaViewOutput.h; sourceTree = "<group>"; };
		4298353B1E2E8FFE00DB54EC /* RamblerModuleGammaViewController.xib */ = {isa = PBXFileReference; fileEncoding = 4; lastKnownFileType = file.xib; path = RamblerModuleGammaViewController.xib; sourceTree = "<group>"; };
		57F2AD804A86129EE3540205 /* Pods-ViperMcFlurry_ExampleTests.release.xcconfig */ = {isa = PBXFileReference; includeInIndex = 1; lastKnownFileType = text.xcconfig; name = "Pods-ViperMcFlurry_ExampleTests.release.xcconfig"; path = "Pods/Target Support Files/Pods-ViperMcFlurry_ExampleTests/Pods-ViperMcFlurry_ExampleTests.release.xcconfig"; sourceTree = "<group>"; };
		6003F58A195388D20070C39A /* ViperMcFlurry_Example.app */ = {isa = PBXFileReference; explicitFileType = wrapper.application; includeInIndex = 0; path = ViperMcFlurry_Example.app; sourceTree = BUILT_PRODUCTS_DIR; };
		6003F58D195388D20070C39A /* Foundation.framework */ = {isa = PBXFileReference; lastKnownFileType = wrapper.framework; name = Foundation.framework; path = System/Library/Frameworks/Foundation.framework; sourceTree = SDKROOT; };
		6003F58F195388D20070C39A /* CoreGraphics.framework */ = {isa = PBXFileReference; lastKnownFileType = wrapper.framework; name = CoreGraphics.framework; path = System/Library/Frameworks/CoreGraphics.framework; sourceTree = SDKROOT; };
		6003F591195388D20070C39A /* UIKit.framework */ = {isa = PBXFileReference; lastKnownFileType = wrapper.framework; name = UIKit.framework; path = System/Library/Frameworks/UIKit.framework; sourceTree = SDKROOT; };
		6003F597195388D20070C39A /* en */ = {isa = PBXFileReference; lastKnownFileType = text.plist.strings; name = en; path = en.lproj/InfoPlist.strings; sourceTree = "<group>"; };
		6003F599195388D20070C39A /* main.m */ = {isa = PBXFileReference; lastKnownFileType = sourcecode.c.objc; path = main.m; sourceTree = "<group>"; };
		6003F59C195388D20070C39A /* RamblerAppDelegate.h */ = {isa = PBXFileReference; lastKnownFileType = sourcecode.c.h; path = RamblerAppDelegate.h; sourceTree = "<group>"; };
		6003F59D195388D20070C39A /* RamblerAppDelegate.m */ = {isa = PBXFileReference; lastKnownFileType = sourcecode.c.objc; path = RamblerAppDelegate.m; sourceTree = "<group>"; };
		6003F5A8195388D20070C39A /* Images.xcassets */ = {isa = PBXFileReference; lastKnownFileType = folder.assetcatalog; path = Images.xcassets; sourceTree = "<group>"; };
		6003F5B7195388D20070C39A /* Tests-Info.plist */ = {isa = PBXFileReference; lastKnownFileType = text.plist.xml; path = "Tests-Info.plist"; sourceTree = "<group>"; };
		6003F5B9195388D20070C39A /* en */ = {isa = PBXFileReference; lastKnownFileType = text.plist.strings; name = en; path = en.lproj/InfoPlist.strings; sourceTree = "<group>"; };
		606FC2411953D9B200FFA9A0 /* Tests-Prefix.pch */ = {isa = PBXFileReference; lastKnownFileType = sourcecode.c.h; path = "Tests-Prefix.pch"; sourceTree = "<group>"; };
		8284984F2455D95519E1A3D9 /* Pods_ViperMcFlurry_Example.framework */ = {isa = PBXFileReference; explicitFileType = wrapper.framework; includeInIndex = 0; path = Pods_ViperMcFlurry_Example.framework; sourceTree = BUILT_PRODUCTS_DIR; };
		873B8AEA1B1F5CCA007FD442 /* Main.storyboard */ = {isa = PBXFileReference; fileEncoding = 4; lastKnownFileType = file.storyboard; path = Main.storyboard; sourceTree = "<group>"; };
		96F30E1F9FBD8F1AF02466B7 /* ViperMcFlurryX.podspec */ = {isa = PBXFileReference; includeInIndex = 1; lastKnownFileType = text; name = ViperMcFlurryX.podspec; path = ../ViperMcFlurryX.podspec; sourceTree = "<group>"; xcLanguageSpecificationIdentifier = xcode.lang.ruby; };
		9DB79ED922F73E404786FD30 /* Pods-ViperMcFlurry_Tests.debug.xcconfig */ = {isa = PBXFileReference; includeInIndex = 1; lastKnownFileType = text.xcconfig; name = "Pods-ViperMcFlurry_Tests.debug.xcconfig"; path = "Pods/Target Support Files/Pods-ViperMcFlurry_Tests/Pods-ViperMcFlurry_Tests.debug.xcconfig"; sourceTree = "<group>"; };
		9F3892FF0A301734C2B4D79E /* Pods-ViperMcFlurry_ExampleTests2.release.xcconfig */ = {isa = PBXFileReference; includeInIndex = 1; lastKnownFileType = text.xcconfig; name = "Pods-ViperMcFlurry_ExampleTests2.release.xcconfig"; path = "Pods/Target Support Files/Pods-ViperMcFlurry_ExampleTests2/Pods-ViperMcFlurry_ExampleTests2.release.xcconfig"; sourceTree = "<group>"; };
		A4B9638344E9D09528EC7024 /* Pods-ViperMcFlurry_ExampleTests.debug.xcconfig */ = {isa = PBXFileReference; includeInIndex = 1; lastKnownFileType = text.xcconfig; name = "Pods-ViperMcFlurry_ExampleTests.debug.xcconfig"; path = "Pods/Target Support Files/Pods-ViperMcFlurry_ExampleTests/Pods-ViperMcFlurry_ExampleTests.debug.xcconfig"; sourceTree = "<group>"; };
		BCD36FC03A45A87A4597C0C7 /* libPods.a */ = {isa = PBXFileReference; explicitFileType = archive.ar; includeInIndex = 0; path = libPods.a; sourceTree = BUILT_PRODUCTS_DIR; };
		BFAB36AAE88EAE4784F1616E /* README.md */ = {isa = PBXFileReference; includeInIndex = 1; lastKnownFileType = net.daringfireball.markdown; name = README.md; path = ../README.md; sourceTree = "<group>"; };
		C0373C342443DD26007632C0 /* ColorsPresenter.swift */ = {isa = PBXFileReference; lastKnownFileType = sourcecode.swift; path = ColorsPresenter.swift; sourceTree = "<group>"; };
		C0373C362443DD30007632C0 /* ColorsModuleInput.swift */ = {isa = PBXFileReference; lastKnownFileType = sourcecode.swift; path = ColorsModuleInput.swift; sourceTree = "<group>"; };
		C0373C382443DD38007632C0 /* ColorsModuleOutput.swift */ = {isa = PBXFileReference; lastKnownFileType = sourcecode.swift; path = ColorsModuleOutput.swift; sourceTree = "<group>"; };
		C0373C3A2443DD7E007632C0 /* ColorsRouterInput.swift */ = {isa = PBXFileReference; lastKnownFileType = sourcecode.swift; path = ColorsRouterInput.swift; sourceTree = "<group>"; };
		C0373C3C2443DD84007632C0 /* ColorsRouter.swift */ = {isa = PBXFileReference; lastKnownFileType = sourcecode.swift; path = ColorsRouter.swift; sourceTree = "<group>"; };
		C0373C3E2443DDB2007632C0 /* ColorsInteractorInput.swift */ = {isa = PBXFileReference; lastKnownFileType = sourcecode.swift; path = ColorsInteractorInput.swift; sourceTree = "<group>"; };
		C0373C402443DDBA007632C0 /* ColorsInteractor.swift */ = {isa = PBXFileReference; lastKnownFileType = sourcecode.swift; path = ColorsInteractor.swift; sourceTree = "<group>"; };
		C0373C422443DDD8007632C0 /* ColorsModuleConfigurator.swift */ = {isa = PBXFileReference; lastKnownFileType = sourcecode.swift; path = ColorsModuleConfigurator.swift; sourceTree = "<group>"; };
		C0373C442443DDFA007632C0 /* ColorsViewInput.swift */ = {isa = PBXFileReference; lastKnownFileType = sourcecode.swift; path = ColorsViewInput.swift; sourceTree = "<group>"; };
		C0373C462443DE01007632C0 /* ColorsViewOutput.swift */ = {isa = PBXFileReference; lastKnownFileType = sourcecode.swift; path = ColorsViewOutput.swift; sourceTree = "<group>"; };
		C0373C482443DE0C007632C0 /* ColorsViewController.swift */ = {isa = PBXFileReference; lastKnownFileType = sourcecode.swift; path = ColorsViewController.swift; sourceTree = "<group>"; };
		C0373C4B2443DE6E007632C0 /* Colors.storyboard */ = {isa = PBXFileReference; lastKnownFileType = file.storyboard; path = Colors.storyboard; sourceTree = "<group>"; };
		C0373C4E2443DEA2007632C0 /* ColorsTableViewCell.swift */ = {isa = PBXFileReference; lastKnownFileType = sourcecode.swift; path = ColorsTableViewCell.swift; sourceTree = "<group>"; };
		C0373C512443E123007632C0 /* ColorsViewModel.swift */ = {isa = PBXFileReference; lastKnownFileType = sourcecode.swift; path = ColorsViewModel.swift; sourceTree = "<group>"; };
		C0373C552443E2B9007632C0 /* ColorPreview.storyboard */ = {isa = PBXFileReference; lastKnownFileType = file.storyboard; path = ColorPreview.storyboard; sourceTree = "<group>"; };
		C0373C572443E2C4007632C0 /* ColorPreviewViewController.swift */ = {isa = PBXFileReference; lastKnownFileType = sourcecode.swift; path = ColorPreviewViewController.swift; sourceTree = "<group>"; };
		C0373C592443E329007632C0 /* ColorPreviewViewInput.swift */ = {isa = PBXFileReference; lastKnownFileType = sourcecode.swift; path = ColorPreviewViewInput.swift; sourceTree = "<group>"; };
		C0373C5B2443E35D007632C0 /* ColorPreviewViewOutput.swift */ = {isa = PBXFileReference; lastKnownFileType = sourcecode.swift; path = ColorPreviewViewOutput.swift; sourceTree = "<group>"; };
		C0373C5E2443E38C007632C0 /* ColorPreviewPresenter.swift */ = {isa = PBXFileReference; lastKnownFileType = sourcecode.swift; path = ColorPreviewPresenter.swift; sourceTree = "<group>"; };
		C0373C602443E394007632C0 /* ColorPreviewModuleInput.swift */ = {isa = PBXFileReference; lastKnownFileType = sourcecode.swift; path = ColorPreviewModuleInput.swift; sourceTree = "<group>"; };
		C0373C632443E428007632C0 /* ColorPreviewModuleConfigurator.swift */ = {isa = PBXFileReference; lastKnownFileType = sourcecode.swift; path = ColorPreviewModuleConfigurator.swift; sourceTree = "<group>"; };
		D24D49001BD1049400C77475 /* RamblerModuleBetaModuleAssembly.h */ = {isa = PBXFileReference; fileEncoding = 4; lastKnownFileType = sourcecode.c.h; name = RamblerModuleBetaModuleAssembly.h; path = Viper/ModuleBeta/RamblerModuleBetaModuleAssembly.h; sourceTree = "<group>"; };
		D24D49011BD1049400C77475 /* RamblerModuleBetaModuleAssembly.m */ = {isa = PBXFileReference; fileEncoding = 4; lastKnownFileType = sourcecode.c.objc; name = RamblerModuleBetaModuleAssembly.m; path = Viper/ModuleBeta/RamblerModuleBetaModuleAssembly.m; sourceTree = "<group>"; };
		D24D49031BD1049E00C77475 /* RamblerModuleAlphaModuleAssembly.h */ = {isa = PBXFileReference; fileEncoding = 4; lastKnownFileType = sourcecode.c.h; name = RamblerModuleAlphaModuleAssembly.h; path = Viper/ModuleAlpha/RamblerModuleAlphaModuleAssembly.h; sourceTree = "<group>"; };
		D24D49041BD1049E00C77475 /* RamblerModuleAlphaModuleAssembly.m */ = {isa = PBXFileReference; fileEncoding = 4; lastKnownFileType = sourcecode.c.objc; name = RamblerModuleAlphaModuleAssembly.m; path = Viper/ModuleAlpha/RamblerModuleAlphaModuleAssembly.m; sourceTree = "<group>"; };
		D24D49061BD4C9ED00C77475 /* LaunchScreen.storyboard */ = {isa = PBXFileReference; fileEncoding = 4; lastKnownFileType = file.storyboard; path = LaunchScreen.storyboard; sourceTree = "<group>"; };
		F7BF77682AD97D2B0DE14324 /* Pods-ViperMcFlurry_Tests.release.xcconfig */ = {isa = PBXFileReference; includeInIndex = 1; lastKnownFileType = text.xcconfig; name = "Pods-ViperMcFlurry_Tests.release.xcconfig"; path = "Pods/Target Support Files/Pods-ViperMcFlurry_Tests/Pods-ViperMcFlurry_Tests.release.xcconfig"; sourceTree = "<group>"; };
/* End PBXFileReference section */

/* Begin PBXFrameworksBuildPhase section */
		12DD72F8227AF15C003D1A2D /* Frameworks */ = {
			isa = PBXFrameworksBuildPhase;
			buildActionMask = 2147483647;
			files = (
				C9BFC7A7F91159949CABC5FD /* Pods_ViperMcFlurry_ExampleTests.framework in Frameworks */,
			);
			runOnlyForDeploymentPostprocessing = 0;
		};
		6003F587195388D20070C39A /* Frameworks */ = {
			isa = PBXFrameworksBuildPhase;
			buildActionMask = 2147483647;
			files = (
				6003F590195388D20070C39A /* CoreGraphics.framework in Frameworks */,
				6003F592195388D20070C39A /* UIKit.framework in Frameworks */,
				6003F58E195388D20070C39A /* Foundation.framework in Frameworks */,
				C2C905018238A19115ED6AC6 /* Pods_ViperMcFlurry_Example.framework in Frameworks */,
			);
			runOnlyForDeploymentPostprocessing = 0;
		};
/* End PBXFrameworksBuildPhase section */

/* Begin PBXGroup section */
		12DD72FC227AF15C003D1A2D /* ViperMcFlurry_ExampleTests */ = {
			isa = PBXGroup;
			children = (
				12DD72FD227AF15C003D1A2D /* ViperMcFlurry_ExampleTests.swift */,
				12DD72FF227AF15C003D1A2D /* Info.plist */,
			);
			path = ViperMcFlurry_ExampleTests;
			sourceTree = "<group>";
		};
		12E4BACD240E8A6F00BAA9B3 /* Swift */ = {
			isa = PBXGroup;
			children = (
				C0373C532443E29D007632C0 /* ColorPreview */,
				C0373C2E2443DC7E007632C0 /* Colors */,
				12E4BACE240E8A6F00BAA9B3 /* Shared.swift */,
				12E4BACF240E8A6F00BAA9B3 /* Root */,
			);
			path = Swift;
			sourceTree = "<group>";
		};
		12E4BACF240E8A6F00BAA9B3 /* Root */ = {
			isa = PBXGroup;
			children = (
				12E4BAD0240E8A6F00BAA9B3 /* Presenter */,
				12E4BAD6240E8A6F00BAA9B3 /* View */,
				12E4BADD240E8A6F00BAA9B3 /* Configurator */,
				12E4BADF240E8A6F00BAA9B3 /* Interactor */,
				12E4BAE3240E8A6F00BAA9B3 /* Router */,
			);
			path = Root;
			sourceTree = "<group>";
		};
		12E4BAD0240E8A6F00BAA9B3 /* Presenter */ = {
			isa = PBXGroup;
			children = (
				12E4BAD1240E8A6F00BAA9B3 /* RootModuleInput.swift */,
				12E4BAD2240E8A6F00BAA9B3 /* RootModuleOutput.swift */,
				12E4BAD3240E8A6F00BAA9B3 /* RootPresenter.swift */,
				12E4BAD4240E8A6F00BAA9B3 /* Helpers */,
			);
			path = Presenter;
			sourceTree = "<group>";
		};
		12E4BAD4240E8A6F00BAA9B3 /* Helpers */ = {
			isa = PBXGroup;
			children = (
				12E4BAD5240E8A6F00BAA9B3 /* RootModuleConfig.swift */,
			);
			path = Helpers;
			sourceTree = "<group>";
		};
		12E4BAD6240E8A6F00BAA9B3 /* View */ = {
			isa = PBXGroup;
			children = (
				12E4BAD7240E8A6F00BAA9B3 /* RootViewController.swift */,
				12E4BAD8240E8A6F00BAA9B3 /* RootViewOutput.swift */,
				12E4BAD9240E8A6F00BAA9B3 /* RootRootView.swift */,
				12E4BADA240E8A6F00BAA9B3 /* RootRootViewState.swift */,
				12E4BADB240E8A6F00BAA9B3 /* RootRootViewDelegate.swift */,
				12E4BADC240E8A6F00BAA9B3 /* RootViewInput.swift */,
			);
			path = View;
			sourceTree = "<group>";
		};
		12E4BADD240E8A6F00BAA9B3 /* Configurator */ = {
			isa = PBXGroup;
			children = (
				12E4BADE240E8A6F00BAA9B3 /* RootConfigurator.swift */,
			);
			path = Configurator;
			sourceTree = "<group>";
		};
		12E4BADF240E8A6F00BAA9B3 /* Interactor */ = {
			isa = PBXGroup;
			children = (
				12E4BAE0240E8A6F00BAA9B3 /* RootInteractorInput.swift */,
				12E4BAE1240E8A6F00BAA9B3 /* RootInteractor.swift */,
				12E4BAE2240E8A6F00BAA9B3 /* RootInteractorOutput.swift */,
			);
			path = Interactor;
			sourceTree = "<group>";
		};
		12E4BAE3240E8A6F00BAA9B3 /* Router */ = {
			isa = PBXGroup;
			children = (
				12E4BAE4240E8A6F00BAA9B3 /* RootRouterInput.swift */,
				12E4BAE5240E8A6F00BAA9B3 /* RootRouter.swift */,
			);
			path = Router;
			sourceTree = "<group>";
		};
		162C73141B789B6800226B47 /* Viper */ = {
			isa = PBXGroup;
			children = (
				429835211E2E835700DB54EC /* ModuleGamma */,
				162C732A1B789D6F00226B47 /* ModuleBeta */,
				162C73151B789D3200226B47 /* ModuleAlpha */,
			);
			name = Viper;
			sourceTree = "<group>";
		};
		162C73151B789D3200226B47 /* ModuleAlpha */ = {
			isa = PBXGroup;
			children = (
				D24D49031BD1049E00C77475 /* RamblerModuleAlphaModuleAssembly.h */,
				D24D49041BD1049E00C77475 /* RamblerModuleAlphaModuleAssembly.m */,
				162C732B1B789D7900226B47 /* View */,
				162C732E1B789D8B00226B47 /* Interactor */,
				162C732D1B789D8400226B47 /* Presenter */,
				162C732C1B789D7E00226B47 /* Router */,
			);
			name = ModuleAlpha;
			sourceTree = "<group>";
		};
		162C732A1B789D6F00226B47 /* ModuleBeta */ = {
			isa = PBXGroup;
			children = (
				D24D49001BD1049400C77475 /* RamblerModuleBetaModuleAssembly.h */,
				D24D49011BD1049400C77475 /* RamblerModuleBetaModuleAssembly.m */,
				162C73451B78A46400226B47 /* View */,
				162C73471B78A47E00226B47 /* Interactor */,
				162C73461B78A47800226B47 /* Presenter */,
				162C73481B78A48400226B47 /* Router */,
			);
			name = ModuleBeta;
			sourceTree = "<group>";
		};
		162C732B1B789D7900226B47 /* View */ = {
			isa = PBXGroup;
			children = (
				162C73231B789D6700226B47 /* RamblerModuleAlphaViewInput.h */,
				162C73241B789D6700226B47 /* RamblerModuleAlphaViewOutput.h */,
				162C73211B789D6700226B47 /* RamblerModuleAlphaViewController.h */,
				162C73221B789D6700226B47 /* RamblerModuleAlphaViewController.m */,
			);
			name = View;
			sourceTree = "<group>";
		};
		162C732C1B789D7E00226B47 /* Router */ = {
			isa = PBXGroup;
			children = (
				162C731E1B789D6700226B47 /* RamblerModuleAlphaRouter.h */,
				162C731F1B789D6700226B47 /* RamblerModuleAlphaRouter.m */,
				162C73201B789D6700226B47 /* RamblerModuleAlphaRouterInput.h */,
			);
			name = Router;
			sourceTree = "<group>";
		};
		162C732D1B789D8400226B47 /* Presenter */ = {
			isa = PBXGroup;
			children = (
				162C731C1B789D6700226B47 /* RamblerModuleAlphaPresenter.h */,
				162C731D1B789D6700226B47 /* RamblerModuleAlphaPresenter.m */,
			);
			name = Presenter;
			sourceTree = "<group>";
		};
		162C732E1B789D8B00226B47 /* Interactor */ = {
			isa = PBXGroup;
			children = (
				162C73161B789D6700226B47 /* RamblerModuleAlphaInteractor.h */,
				162C73171B789D6700226B47 /* RamblerModuleAlphaInteractor.m */,
				162C73181B789D6700226B47 /* RamblerModuleAlphaInteractorInput.h */,
				162C73191B789D6700226B47 /* RamblerModuleAlphaInteractorOutput.h */,
			);
			name = Interactor;
			sourceTree = "<group>";
		};
		162C73451B78A46400226B47 /* View */ = {
			isa = PBXGroup;
			children = (
				162C733E1B78A45F00226B47 /* RamblerModuleBetaViewInput.h */,
				162C733F1B78A45F00226B47 /* RamblerModuleBetaViewOutput.h */,
				162C733C1B78A45F00226B47 /* RamblerModuleBetaViewController.h */,
				162C733D1B78A45F00226B47 /* RamblerModuleBetaViewController.m */,
			);
			name = View;
			sourceTree = "<group>";
		};
		162C73461B78A47800226B47 /* Presenter */ = {
			isa = PBXGroup;
			children = (
				162C73491B78A4A500226B47 /* RamblerModuleBetaInput.h */,
				12E15D7C2091D19500D33294 /* RamblerModuleBetaOutput.h */,
				162C73371B78A45F00226B47 /* RamblerModuleBetaPresenter.h */,
				162C73381B78A45F00226B47 /* RamblerModuleBetaPresenter.m */,
			);
			name = Presenter;
			sourceTree = "<group>";
		};
		162C73471B78A47E00226B47 /* Interactor */ = {
			isa = PBXGroup;
			children = (
				162C73331B78A45F00226B47 /* RamblerModuleBetaInteractorInput.h */,
				162C73341B78A45F00226B47 /* RamblerModuleBetaInteractorOutput.h */,
				162C73311B78A45F00226B47 /* RamblerModuleBetaInteractor.h */,
				162C73321B78A45F00226B47 /* RamblerModuleBetaInteractor.m */,
			);
			name = Interactor;
			sourceTree = "<group>";
		};
		162C73481B78A48400226B47 /* Router */ = {
			isa = PBXGroup;
			children = (
				162C73391B78A45F00226B47 /* RamblerModuleBetaRouter.h */,
				162C733A1B78A45F00226B47 /* RamblerModuleBetaRouter.m */,
				162C733B1B78A45F00226B47 /* RamblerModuleBetaRouterInput.h */,
			);
			name = Router;
			sourceTree = "<group>";
		};
		429835211E2E835700DB54EC /* ModuleGamma */ = {
			isa = PBXGroup;
			children = (
				429835271E2E835700DB54EC /* RamblerModuleGammaModuleAssembly.h */,
				429835281E2E835700DB54EC /* RamblerModuleGammaModuleAssembly.m */,
				429835371E2E847200DB54EC /* View */,
				429835381E2E848C00DB54EC /* Interactor */,
				429835391E2E84A100DB54EC /* Presenter */,
				4298353A1E2E84B500DB54EC /* Router */,
			);
			name = ModuleGamma;
			path = Viper/ModuleGamma;
			sourceTree = "<group>";
		};
		429835371E2E847200DB54EC /* View */ = {
			isa = PBXGroup;
			children = (
				4298352E1E2E835700DB54EC /* RamblerModuleGammaViewController.h */,
				4298352F1E2E835700DB54EC /* RamblerModuleGammaViewController.m */,
				429835301E2E835700DB54EC /* RamblerModuleGammaViewInput.h */,
				4298353B1E2E8FFE00DB54EC /* RamblerModuleGammaViewController.xib */,
			);
			name = View;
			sourceTree = "<group>";
		};
		429835381E2E848C00DB54EC /* Interactor */ = {
			isa = PBXGroup;
			children = (
				429835231E2E835700DB54EC /* RamblerModuleGammaInteractor.h */,
				429835241E2E835700DB54EC /* RamblerModuleGammaInteractor.m */,
				429835251E2E835700DB54EC /* RamblerModuleGammaInteractorInput.h */,
			);
			name = Interactor;
			sourceTree = "<group>";
		};
		429835391E2E84A100DB54EC /* Presenter */ = {
			isa = PBXGroup;
			children = (
				429835261E2E835700DB54EC /* RamblerModuleGammaInteractorOutput.h */,
				429835291E2E835700DB54EC /* RamblerModuleGammaPresenter.h */,
				4298352A1E2E835700DB54EC /* RamblerModuleGammaPresenter.m */,
				429835311E2E835700DB54EC /* RamblerModuleGammaViewOutput.h */,
				429835221E2E835700DB54EC /* RamblerModuleGammaInput.h */,
			);
			name = Presenter;
			sourceTree = "<group>";
		};
		4298353A1E2E84B500DB54EC /* Router */ = {
			isa = PBXGroup;
			children = (
				4298352B1E2E835700DB54EC /* RamblerModuleGammaRouter.h */,
				4298352C1E2E835700DB54EC /* RamblerModuleGammaRouter.m */,
				4298352D1E2E835700DB54EC /* RamblerModuleGammaRouterInput.h */,
			);
			name = Router;
			sourceTree = "<group>";
		};
		4D62E5BDBFF12E6425C93A40 /* Pods */ = {
			isa = PBXGroup;
			children = (
				3E218B7F42124CFBDB835247 /* Pods-ViperMcFlurry_Example.debug.xcconfig */,
				29CC82345586C4F662E7C65C /* Pods-ViperMcFlurry_Example.release.xcconfig */,
				9DB79ED922F73E404786FD30 /* Pods-ViperMcFlurry_Tests.debug.xcconfig */,
				F7BF77682AD97D2B0DE14324 /* Pods-ViperMcFlurry_Tests.release.xcconfig */,
				3B165198AA9CE78A84AE9F07 /* Pods-ViperMcFlurry_ExampleTests2.debug.xcconfig */,
				9F3892FF0A301734C2B4D79E /* Pods-ViperMcFlurry_ExampleTests2.release.xcconfig */,
				A4B9638344E9D09528EC7024 /* Pods-ViperMcFlurry_ExampleTests.debug.xcconfig */,
				57F2AD804A86129EE3540205 /* Pods-ViperMcFlurry_ExampleTests.release.xcconfig */,
			);
			name = Pods;
			sourceTree = "<group>";
		};
		6003F581195388D10070C39A = {
			isa = PBXGroup;
			children = (
				60FF7A9C1954A5C5007DD14C /* Podspec Metadata */,
				6003F593195388D20070C39A /* Example for ViperMcFlurry */,
				6003F5B5195388D20070C39A /* Tests */,
				12DD72FC227AF15C003D1A2D /* ViperMcFlurry_ExampleTests */,
				6003F58C195388D20070C39A /* Frameworks */,
				6003F58B195388D20070C39A /* Products */,
				4D62E5BDBFF12E6425C93A40 /* Pods */,
				12DD72E6227AEC0D003D1A2D /* ViperMcFlurry_Example-Bridging-Header.h */,
			);
			sourceTree = "<group>";
		};
		6003F58B195388D20070C39A /* Products */ = {
			isa = PBXGroup;
			children = (
				6003F58A195388D20070C39A /* ViperMcFlurry_Example.app */,
				12DD72FB227AF15C003D1A2D /* ViperMcFlurry_ExampleTests.xctest */,
			);
			name = Products;
			sourceTree = "<group>";
		};
		6003F58C195388D20070C39A /* Frameworks */ = {
			isa = PBXGroup;
			children = (
				162C732F1B789EA100226B47 /* libPods-ViperMcFlurry_Example.a */,
				6003F58D195388D20070C39A /* Foundation.framework */,
				6003F58F195388D20070C39A /* CoreGraphics.framework */,
				6003F591195388D20070C39A /* UIKit.framework */,
				BCD36FC03A45A87A4597C0C7 /* libPods.a */,
				8284984F2455D95519E1A3D9 /* Pods_ViperMcFlurry_Example.framework */,
				3F6F5979FBF96E09EF139449 /* Pods_ViperMcFlurry_Tests.framework */,
				0CD322451E0B42CA7879F4B1 /* Pods_ViperMcFlurry_ExampleTests.framework */,
			);
			name = Frameworks;
			sourceTree = "<group>";
		};
		6003F593195388D20070C39A /* Example for ViperMcFlurry */ = {
			isa = PBXGroup;
			children = (
				12E4BACD240E8A6F00BAA9B3 /* Swift */,
				162C73141B789B6800226B47 /* Viper */,
				9FFF3D531B68C4D100BDD3F2 /* Testing */,
				6003F59C195388D20070C39A /* RamblerAppDelegate.h */,
				6003F59D195388D20070C39A /* RamblerAppDelegate.m */,
				12E4BAF7240E9F5B00BAA9B3 /* SwiftViewController.swift */,
				873B8AEA1B1F5CCA007FD442 /* Main.storyboard */,
				6003F5A8195388D20070C39A /* Images.xcassets */,
				6003F594195388D20070C39A /* Supporting Files */,
				D24D49061BD4C9ED00C77475 /* LaunchScreen.storyboard */,
			);
			name = "Example for ViperMcFlurry";
			path = ViperMcFlurry;
			sourceTree = "<group>";
		};
		6003F594195388D20070C39A /* Supporting Files */ = {
			isa = PBXGroup;
			children = (
				169FC0D71B95C86E008547D7 /* ViperMcFlurry-Info.plist */,
				169FC0D81B95C86E008547D7 /* ViperMcFlurry-Prefix.pch */,
				6003F596195388D20070C39A /* InfoPlist.strings */,
				6003F599195388D20070C39A /* main.m */,
			);
			name = "Supporting Files";
			sourceTree = "<group>";
		};
		6003F5B5195388D20070C39A /* Tests */ = {
			isa = PBXGroup;
			children = (
				6003F5B6195388D20070C39A /* Supporting Files */,
			);
			path = Tests;
			sourceTree = "<group>";
		};
		6003F5B6195388D20070C39A /* Supporting Files */ = {
			isa = PBXGroup;
			children = (
				6003F5B7195388D20070C39A /* Tests-Info.plist */,
				6003F5B8195388D20070C39A /* InfoPlist.strings */,
				606FC2411953D9B200FFA9A0 /* Tests-Prefix.pch */,
			);
			name = "Supporting Files";
			sourceTree = "<group>";
		};
		60FF7A9C1954A5C5007DD14C /* Podspec Metadata */ = {
			isa = PBXGroup;
			children = (
				96F30E1F9FBD8F1AF02466B7 /* ViperMcFlurryX.podspec */,
				BFAB36AAE88EAE4784F1616E /* README.md */,
				29585292F60D04C0C6BFE358 /* LICENSE */,
			);
			name = "Podspec Metadata";
			sourceTree = "<group>";
		};
		9FFF3D531B68C4D100BDD3F2 /* Testing */ = {
			isa = PBXGroup;
			children = (
			);
			name = Testing;
			sourceTree = "<group>";
		};
		C0373C2E2443DC7E007632C0 /* Colors */ = {
			isa = PBXGroup;
			children = (
				C0373C502443E117007632C0 /* Entities */,
				C0373C332443DD1C007632C0 /* View */,
				C0373C322443DD17007632C0 /* Configurator */,
				C0373C312443DD0B007632C0 /* Interactor */,
				C0373C302443DCF6007632C0 /* Router */,
				C0373C2F2443DCF1007632C0 /* Presenter */,
			);
			path = Colors;
			sourceTree = "<group>";
		};
		C0373C2F2443DCF1007632C0 /* Presenter */ = {
			isa = PBXGroup;
			children = (
				C0373C342443DD26007632C0 /* ColorsPresenter.swift */,
				C0373C362443DD30007632C0 /* ColorsModuleInput.swift */,
				C0373C382443DD38007632C0 /* ColorsModuleOutput.swift */,
			);
			path = Presenter;
			sourceTree = "<group>";
		};
		C0373C302443DCF6007632C0 /* Router */ = {
			isa = PBXGroup;
			children = (
				C0373C3A2443DD7E007632C0 /* ColorsRouterInput.swift */,
				C0373C3C2443DD84007632C0 /* ColorsRouter.swift */,
			);
			path = Router;
			sourceTree = "<group>";
		};
		C0373C312443DD0B007632C0 /* Interactor */ = {
			isa = PBXGroup;
			children = (
				C0373C3E2443DDB2007632C0 /* ColorsInteractorInput.swift */,
				C0373C402443DDBA007632C0 /* ColorsInteractor.swift */,
			);
			path = Interactor;
			sourceTree = "<group>";
		};
		C0373C322443DD17007632C0 /* Configurator */ = {
			isa = PBXGroup;
			children = (
				C0373C422443DDD8007632C0 /* ColorsModuleConfigurator.swift */,
			);
			path = Configurator;
			sourceTree = "<group>";
		};
		C0373C332443DD1C007632C0 /* View */ = {
			isa = PBXGroup;
			children = (
				C0373C4D2443DE95007632C0 /* Helpers */,
				C0373C442443DDFA007632C0 /* ColorsViewInput.swift */,
				C0373C462443DE01007632C0 /* ColorsViewOutput.swift */,
				C0373C482443DE0C007632C0 /* ColorsViewController.swift */,
				C0373C4B2443DE6E007632C0 /* Colors.storyboard */,
			);
			path = View;
			sourceTree = "<group>";
		};
		C0373C4D2443DE95007632C0 /* Helpers */ = {
			isa = PBXGroup;
			children = (
				C0373C4E2443DEA2007632C0 /* ColorsTableViewCell.swift */,
			);
			path = Helpers;
			sourceTree = "<group>";
		};
		C0373C502443E117007632C0 /* Entities */ = {
			isa = PBXGroup;
			children = (
				C0373C512443E123007632C0 /* ColorsViewModel.swift */,
			);
			path = Entities;
			sourceTree = "<group>";
		};
		C0373C532443E29D007632C0 /* ColorPreview */ = {
			isa = PBXGroup;
			children = (
				C0373C622443E418007632C0 /* Configurator */,
				C0373C5D2443E380007632C0 /* Presenter */,
				C0373C542443E2A7007632C0 /* View */,
			);
			path = ColorPreview;
			sourceTree = "<group>";
		};
		C0373C542443E2A7007632C0 /* View */ = {
			isa = PBXGroup;
			children = (
				C0373C552443E2B9007632C0 /* ColorPreview.storyboard */,
				C0373C572443E2C4007632C0 /* ColorPreviewViewController.swift */,
				C0373C592443E329007632C0 /* ColorPreviewViewInput.swift */,
				C0373C5B2443E35D007632C0 /* ColorPreviewViewOutput.swift */,
			);
			path = View;
			sourceTree = "<group>";
		};
		C0373C5D2443E380007632C0 /* Presenter */ = {
			isa = PBXGroup;
			children = (
				C0373C5E2443E38C007632C0 /* ColorPreviewPresenter.swift */,
				C0373C602443E394007632C0 /* ColorPreviewModuleInput.swift */,
			);
			path = Presenter;
			sourceTree = "<group>";
		};
		C0373C622443E418007632C0 /* Configurator */ = {
			isa = PBXGroup;
			children = (
				C0373C632443E428007632C0 /* ColorPreviewModuleConfigurator.swift */,
			);
			path = Configurator;
			sourceTree = "<group>";
		};
/* End PBXGroup section */

/* Begin PBXNativeTarget section */
		12DD72FA227AF15C003D1A2D /* ViperMcFlurry_ExampleTests */ = {
			isa = PBXNativeTarget;
			buildConfigurationList = 12DD7304227AF15C003D1A2D /* Build configuration list for PBXNativeTarget "ViperMcFlurry_ExampleTests" */;
			buildPhases = (
				62603DC97BC2347148DE4E06 /* [CP] Check Pods Manifest.lock */,
				12DD72F7227AF15C003D1A2D /* Sources */,
				12DD72F8227AF15C003D1A2D /* Frameworks */,
				12DD72F9227AF15C003D1A2D /* Resources */,
				1B748CEEA8CDCBE6D58D477C /* [CP] Embed Pods Frameworks */,
			);
			buildRules = (
			);
			dependencies = (
				12DD7301227AF15C003D1A2D /* PBXTargetDependency */,
			);
			name = ViperMcFlurry_ExampleTests;
			productName = ViperMcFlurry_ExampleTests2;
			productReference = 12DD72FB227AF15C003D1A2D /* ViperMcFlurry_ExampleTests.xctest */;
			productType = "com.apple.product-type.bundle.unit-test";
		};
		6003F589195388D20070C39A /* ViperMcFlurry_Example */ = {
			isa = PBXNativeTarget;
			buildConfigurationList = 6003F5BF195388D20070C39A /* Build configuration list for PBXNativeTarget "ViperMcFlurry_Example" */;
			buildPhases = (
				AEB035DEF2B1E52B5823E72B /* [CP] Check Pods Manifest.lock */,
				6003F586195388D20070C39A /* Sources */,
				6003F587195388D20070C39A /* Frameworks */,
				6003F588195388D20070C39A /* Resources */,
				01BC9CB6C6F4D26F423048A6 /* [CP] Embed Pods Frameworks */,
				9E0EE8EC6CC5F15FDF605C15 /* Embed Pods Frameworks */,
			);
			buildRules = (
			);
			dependencies = (
			);
			name = ViperMcFlurry_Example;
			productName = ViperMcFlurry;
			productReference = 6003F58A195388D20070C39A /* ViperMcFlurry_Example.app */;
			productType = "com.apple.product-type.application";
		};
/* End PBXNativeTarget section */

/* Begin PBXProject section */
		6003F582195388D10070C39A /* Project object */ = {
			isa = PBXProject;
			attributes = {
				CLASSPREFIX = Rambler;
				LastSwiftUpdateCheck = 1020;
				LastUpgradeCheck = 1020;
				ORGANIZATIONNAME = "Egor Tolstoy";
				TargetAttributes = {
					12DD72FA227AF15C003D1A2D = {
						CreatedOnToolsVersion = 10.2.1;
						ProvisioningStyle = Automatic;
						TestTargetID = 6003F589195388D20070C39A;
					};
					6003F589195388D20070C39A = {
						LastSwiftMigration = 1020;
					};
				};
			};
			buildConfigurationList = 6003F585195388D10070C39A /* Build configuration list for PBXProject "ViperMcFlurry" */;
			compatibilityVersion = "Xcode 3.2";
			developmentRegion = English;
			hasScannedForEncodings = 0;
			knownRegions = (
				English,
				en,
				Base,
			);
			mainGroup = 6003F581195388D10070C39A;
			productRefGroup = 6003F58B195388D20070C39A /* Products */;
			projectDirPath = "";
			projectRoot = "";
			targets = (
				6003F589195388D20070C39A /* ViperMcFlurry_Example */,
				12DD72FA227AF15C003D1A2D /* ViperMcFlurry_ExampleTests */,
			);
		};
/* End PBXProject section */

/* Begin PBXResourcesBuildPhase section */
		12DD72F9227AF15C003D1A2D /* Resources */ = {
			isa = PBXResourcesBuildPhase;
			buildActionMask = 2147483647;
			files = (
			);
			runOnlyForDeploymentPostprocessing = 0;
		};
		6003F588195388D20070C39A /* Resources */ = {
			isa = PBXResourcesBuildPhase;
			buildActionMask = 2147483647;
			files = (
				C0373C4C2443DE6E007632C0 /* Colors.storyboard in Resources */,
				873B8AEB1B1F5CCA007FD442 /* Main.storyboard in Resources */,
				4298353C1E2E8FFE00DB54EC /* RamblerModuleGammaViewController.xib in Resources */,
				C0373C562443E2B9007632C0 /* ColorPreview.storyboard in Resources */,
				D24D49071BD4C9ED00C77475 /* LaunchScreen.storyboard in Resources */,
				6003F5A9195388D20070C39A /* Images.xcassets in Resources */,
				6003F598195388D20070C39A /* InfoPlist.strings in Resources */,
			);
			runOnlyForDeploymentPostprocessing = 0;
		};
/* End PBXResourcesBuildPhase section */

/* Begin PBXShellScriptBuildPhase section */
		01BC9CB6C6F4D26F423048A6 /* [CP] Embed Pods Frameworks */ = {
			isa = PBXShellScriptBuildPhase;
			buildActionMask = 2147483647;
			files = (
			);
			inputPaths = (
				"${PODS_ROOT}/Target Support Files/Pods-ViperMcFlurry_Example/Pods-ViperMcFlurry_Example-frameworks.sh",
				"${BUILT_PRODUCTS_DIR}/OnDeallocateX/OnDeallocateX.framework",
				"${BUILT_PRODUCTS_DIR}/SwiftSelfAware/SwiftSelfAware.framework",
				"${BUILT_PRODUCTS_DIR}/Typhoon/Typhoon.framework",
				"${BUILT_PRODUCTS_DIR}/ViperMcFlurrySwiftFix/ViperMcFlurrySwiftFix.framework",
			);
			name = "[CP] Embed Pods Frameworks";
			outputPaths = (
				"${TARGET_BUILD_DIR}/${FRAMEWORKS_FOLDER_PATH}/OnDeallocateX.framework",
				"${TARGET_BUILD_DIR}/${FRAMEWORKS_FOLDER_PATH}/SwiftSelfAware.framework",
				"${TARGET_BUILD_DIR}/${FRAMEWORKS_FOLDER_PATH}/Typhoon.framework",
				"${TARGET_BUILD_DIR}/${FRAMEWORKS_FOLDER_PATH}/ViperMcFlurrySwiftFix.framework",
			);
			runOnlyForDeploymentPostprocessing = 0;
			shellPath = /bin/sh;
			shellScript = "\"${PODS_ROOT}/Target Support Files/Pods-ViperMcFlurry_Example/Pods-ViperMcFlurry_Example-frameworks.sh\"\n";
			showEnvVarsInLog = 0;
		};
		1B748CEEA8CDCBE6D58D477C /* [CP] Embed Pods Frameworks */ = {
			isa = PBXShellScriptBuildPhase;
			buildActionMask = 2147483647;
			files = (
			);
			inputPaths = (
				"${PODS_ROOT}/Target Support Files/Pods-ViperMcFlurry_ExampleTests/Pods-ViperMcFlurry_ExampleTests-frameworks.sh",
				"${BUILT_PRODUCTS_DIR}/OnDeallocateX/OnDeallocateX.framework",
				"${BUILT_PRODUCTS_DIR}/SwiftSelfAware/SwiftSelfAware.framework",
				"${BUILT_PRODUCTS_DIR}/Typhoon/Typhoon.framework",
				"${BUILT_PRODUCTS_DIR}/ViperMcFlurrySwiftFix/ViperMcFlurrySwiftFix.framework",
			);
			name = "[CP] Embed Pods Frameworks";
			outputPaths = (
				"${TARGET_BUILD_DIR}/${FRAMEWORKS_FOLDER_PATH}/OnDeallocateX.framework",
				"${TARGET_BUILD_DIR}/${FRAMEWORKS_FOLDER_PATH}/SwiftSelfAware.framework",
				"${TARGET_BUILD_DIR}/${FRAMEWORKS_FOLDER_PATH}/Typhoon.framework",
				"${TARGET_BUILD_DIR}/${FRAMEWORKS_FOLDER_PATH}/ViperMcFlurrySwiftFix.framework",
			);
			runOnlyForDeploymentPostprocessing = 0;
			shellPath = /bin/sh;
			shellScript = "\"${PODS_ROOT}/Target Support Files/Pods-ViperMcFlurry_ExampleTests/Pods-ViperMcFlurry_ExampleTests-frameworks.sh\"\n";
			showEnvVarsInLog = 0;
		};
		62603DC97BC2347148DE4E06 /* [CP] Check Pods Manifest.lock */ = {
			isa = PBXShellScriptBuildPhase;
			buildActionMask = 2147483647;
			files = (
			);
			inputFileListPaths = (
			);
			inputPaths = (
				"${PODS_PODFILE_DIR_PATH}/Podfile.lock",
				"${PODS_ROOT}/Manifest.lock",
			);
			name = "[CP] Check Pods Manifest.lock";
			outputFileListPaths = (
			);
			outputPaths = (
				"$(DERIVED_FILE_DIR)/Pods-ViperMcFlurry_ExampleTests-checkManifestLockResult.txt",
			);
			runOnlyForDeploymentPostprocessing = 0;
			shellPath = /bin/sh;
			shellScript = "diff \"${PODS_PODFILE_DIR_PATH}/Podfile.lock\" \"${PODS_ROOT}/Manifest.lock\" > /dev/null\nif [ $? != 0 ] ; then\n    # print error to STDERR\n    echo \"error: The sandbox is not in sync with the Podfile.lock. Run 'pod install' or update your CocoaPods installation.\" >&2\n    exit 1\nfi\n# This output is used by Xcode 'outputs' to avoid re-running this script phase.\necho \"SUCCESS\" > \"${SCRIPT_OUTPUT_FILE_0}\"\n";
			showEnvVarsInLog = 0;
		};
		9E0EE8EC6CC5F15FDF605C15 /* Embed Pods Frameworks */ = {
			isa = PBXShellScriptBuildPhase;
			buildActionMask = 2147483647;
			files = (
			);
			inputPaths = (
			);
			name = "Embed Pods Frameworks";
			outputPaths = (
			);
			runOnlyForDeploymentPostprocessing = 0;
			shellPath = /bin/sh;
			shellScript = "\"${SRCROOT}/Pods/Target Support Files/Pods-ViperMcFlurry_Example/Pods-ViperMcFlurry_Example-frameworks.sh\"\n";
			showEnvVarsInLog = 0;
		};
		AEB035DEF2B1E52B5823E72B /* [CP] Check Pods Manifest.lock */ = {
			isa = PBXShellScriptBuildPhase;
			buildActionMask = 2147483647;
			files = (
			);
			inputPaths = (
				"${PODS_PODFILE_DIR_PATH}/Podfile.lock",
				"${PODS_ROOT}/Manifest.lock",
			);
			name = "[CP] Check Pods Manifest.lock";
			outputPaths = (
				"$(DERIVED_FILE_DIR)/Pods-ViperMcFlurry_Example-checkManifestLockResult.txt",
			);
			runOnlyForDeploymentPostprocessing = 0;
			shellPath = /bin/sh;
			shellScript = "diff \"${PODS_PODFILE_DIR_PATH}/Podfile.lock\" \"${PODS_ROOT}/Manifest.lock\" > /dev/null\nif [ $? != 0 ] ; then\n    # print error to STDERR\n    echo \"error: The sandbox is not in sync with the Podfile.lock. Run 'pod install' or update your CocoaPods installation.\" >&2\n    exit 1\nfi\n# This output is used by Xcode 'outputs' to avoid re-running this script phase.\necho \"SUCCESS\" > \"${SCRIPT_OUTPUT_FILE_0}\"\n";
			showEnvVarsInLog = 0;
		};
/* End PBXShellScriptBuildPhase section */

/* Begin PBXSourcesBuildPhase section */
		12DD72F7227AF15C003D1A2D /* Sources */ = {
			isa = PBXSourcesBuildPhase;
			buildActionMask = 2147483647;
			files = (
				12DD72FE227AF15C003D1A2D /* ViperMcFlurry_ExampleTests.swift in Sources */,
			);
			runOnlyForDeploymentPostprocessing = 0;
		};
		6003F586195388D20070C39A /* Sources */ = {
			isa = PBXSourcesBuildPhase;
			buildActionMask = 2147483647;
			files = (
				162C73421B78A45F00226B47 /* RamblerModuleBetaPresenter.m in Sources */,
				429835341E2E835700DB54EC /* RamblerModuleGammaPresenter.m in Sources */,
				162C73291B789D6700226B47 /* RamblerModuleAlphaViewController.m in Sources */,
				C0373C582443E2C4007632C0 /* ColorPreviewViewController.swift in Sources */,
				162C73251B789D6700226B47 /* RamblerModuleAlphaInteractor.m in Sources */,
				162C73271B789D6700226B47 /* RamblerModuleAlphaPresenter.m in Sources */,
				C0373C5A2443E329007632C0 /* ColorPreviewViewInput.swift in Sources */,
				C0373C612443E394007632C0 /* ColorPreviewModuleInput.swift in Sources */,
				12E4BAF4240E8A6F00BAA9B3 /* RootInteractorOutput.swift in Sources */,
				C0373C472443DE01007632C0 /* ColorsViewOutput.swift in Sources */,
				C0373C352443DD26007632C0 /* ColorsPresenter.swift in Sources */,
				D24D49051BD1049E00C77475 /* RamblerModuleAlphaModuleAssembly.m in Sources */,
				12E4BAE9240E8A6F00BAA9B3 /* RootPresenter.swift in Sources */,
				12E4BAF6240E8A6F00BAA9B3 /* RootRouter.swift in Sources */,
				C0373C412443DDBA007632C0 /* ColorsInteractor.swift in Sources */,
				12E4BAEF240E8A6F00BAA9B3 /* RootRootViewDelegate.swift in Sources */,
				12E4BAE6240E8A6F00BAA9B3 /* Shared.swift in Sources */,
				C0373C522443E123007632C0 /* ColorsViewModel.swift in Sources */,
				C0373C372443DD30007632C0 /* ColorsModuleInput.swift in Sources */,
				429835331E2E835700DB54EC /* RamblerModuleGammaModuleAssembly.m in Sources */,
				429835321E2E835700DB54EC /* RamblerModuleGammaInteractor.m in Sources */,
				12E4BAF8240E9F5B00BAA9B3 /* SwiftViewController.swift in Sources */,
				C0373C3D2443DD84007632C0 /* ColorsRouter.swift in Sources */,
				162C73431B78A45F00226B47 /* RamblerModuleBetaRouter.m in Sources */,
				C0373C5F2443E38C007632C0 /* ColorPreviewPresenter.swift in Sources */,
				12E4BAF5240E8A6F00BAA9B3 /* RootRouterInput.swift in Sources */,
				12E4BAED240E8A6F00BAA9B3 /* RootRootView.swift in Sources */,
				162C73441B78A45F00226B47 /* RamblerModuleBetaViewController.m in Sources */,
				12E4BAEB240E8A6F00BAA9B3 /* RootViewController.swift in Sources */,
				429835361E2E835700DB54EC /* RamblerModuleGammaViewController.m in Sources */,
				C0373C392443DD38007632C0 /* ColorsModuleOutput.swift in Sources */,
				12E4BAEA240E8A6F00BAA9B3 /* RootModuleConfig.swift in Sources */,
				12E4BAEC240E8A6F00BAA9B3 /* RootViewOutput.swift in Sources */,
				12E4BAE8240E8A6F00BAA9B3 /* RootModuleOutput.swift in Sources */,
				12E4BAF2240E8A6F00BAA9B3 /* RootInteractorInput.swift in Sources */,
				12E4BAEE240E8A6F00BAA9B3 /* RootRootViewState.swift in Sources */,
				12E4BAF3240E8A6F00BAA9B3 /* RootInteractor.swift in Sources */,
				6003F59E195388D20070C39A /* RamblerAppDelegate.m in Sources */,
				12E4BAE7240E8A6F00BAA9B3 /* RootModuleInput.swift in Sources */,
				C0373C452443DDFA007632C0 /* ColorsViewInput.swift in Sources */,
				162C73401B78A45F00226B47 /* RamblerModuleBetaInteractor.m in Sources */,
				12E4BAF1240E8A6F00BAA9B3 /* RootConfigurator.swift in Sources */,
				C0373C3F2443DDB2007632C0 /* ColorsInteractorInput.swift in Sources */,
				C0373C3B2443DD7E007632C0 /* ColorsRouterInput.swift in Sources */,
				C0373C432443DDD8007632C0 /* ColorsModuleConfigurator.swift in Sources */,
				C0373C5C2443E35D007632C0 /* ColorPreviewViewOutput.swift in Sources */,
				C0373C492443DE0C007632C0 /* ColorsViewController.swift in Sources */,
				429835351E2E835700DB54EC /* RamblerModuleGammaRouter.m in Sources */,
				D24D49021BD1049400C77475 /* RamblerModuleBetaModuleAssembly.m in Sources */,
				C0373C4F2443DEA2007632C0 /* ColorsTableViewCell.swift in Sources */,
				12E4BAF0240E8A6F00BAA9B3 /* RootViewInput.swift in Sources */,
				162C73281B789D6700226B47 /* RamblerModuleAlphaRouter.m in Sources */,
				6003F59A195388D20070C39A /* main.m in Sources */,
				C0373C642443E428007632C0 /* ColorPreviewModuleConfigurator.swift in Sources */,
			);
			runOnlyForDeploymentPostprocessing = 0;
		};
/* End PBXSourcesBuildPhase section */

/* Begin PBXTargetDependency section */
		12DD7301227AF15C003D1A2D /* PBXTargetDependency */ = {
			isa = PBXTargetDependency;
			target = 6003F589195388D20070C39A /* ViperMcFlurry_Example */;
			targetProxy = 12DD7300227AF15C003D1A2D /* PBXContainerItemProxy */;
		};
/* End PBXTargetDependency section */

/* Begin PBXVariantGroup section */
		6003F596195388D20070C39A /* InfoPlist.strings */ = {
			isa = PBXVariantGroup;
			children = (
				6003F597195388D20070C39A /* en */,
			);
			name = InfoPlist.strings;
			sourceTree = "<group>";
		};
		6003F5B8195388D20070C39A /* InfoPlist.strings */ = {
			isa = PBXVariantGroup;
			children = (
				6003F5B9195388D20070C39A /* en */,
			);
			name = InfoPlist.strings;
			sourceTree = "<group>";
		};
/* End PBXVariantGroup section */

/* Begin XCBuildConfiguration section */
		12DD7302227AF15C003D1A2D /* Debug */ = {
			isa = XCBuildConfiguration;
			baseConfigurationReference = A4B9638344E9D09528EC7024 /* Pods-ViperMcFlurry_ExampleTests.debug.xcconfig */;
			buildSettings = {
				ALWAYS_EMBED_SWIFT_STANDARD_LIBRARIES = YES;
				BUNDLE_LOADER = "$(TEST_HOST)";
				CLANG_ANALYZER_NONNULL = YES;
				CLANG_ANALYZER_NUMBER_OBJECT_CONVERSION = YES_AGGRESSIVE;
				CLANG_CXX_LANGUAGE_STANDARD = "gnu++14";
				CLANG_ENABLE_OBJC_WEAK = YES;
				CLANG_WARN_DOCUMENTATION_COMMENTS = YES;
				CLANG_WARN_UNGUARDED_AVAILABILITY = YES_AGGRESSIVE;
				CODE_SIGN_IDENTITY = "iPhone Developer";
				CODE_SIGN_STYLE = Automatic;
				DEBUG_INFORMATION_FORMAT = dwarf;
				GCC_C_LANGUAGE_STANDARD = gnu11;
				INFOPLIST_FILE = ViperMcFlurry_ExampleTests/Info.plist;
				IPHONEOS_DEPLOYMENT_TARGET = 12.2;
				LD_RUNPATH_SEARCH_PATHS = "$(inherited) @executable_path/Frameworks @loader_path/Frameworks";
				MTL_ENABLE_DEBUG_INFO = INCLUDE_SOURCE;
				MTL_FAST_MATH = YES;
				PRODUCT_BUNDLE_IDENTIFIER = "com.ViperMcFlurry-ExampleTests2";
				PRODUCT_NAME = "$(TARGET_NAME)";
				SWIFT_ACTIVE_COMPILATION_CONDITIONS = DEBUG;
				SWIFT_OPTIMIZATION_LEVEL = "-Onone";
				SWIFT_VERSION = 5.0;
				TARGETED_DEVICE_FAMILY = "1,2";
				TEST_HOST = "$(BUILT_PRODUCTS_DIR)/ViperMcFlurry_Example.app/ViperMcFlurry_Example";
			};
			name = Debug;
		};
		12DD7303227AF15C003D1A2D /* Release */ = {
			isa = XCBuildConfiguration;
			baseConfigurationReference = 57F2AD804A86129EE3540205 /* Pods-ViperMcFlurry_ExampleTests.release.xcconfig */;
			buildSettings = {
				ALWAYS_EMBED_SWIFT_STANDARD_LIBRARIES = YES;
				BUNDLE_LOADER = "$(TEST_HOST)";
				CLANG_ANALYZER_NONNULL = YES;
				CLANG_ANALYZER_NUMBER_OBJECT_CONVERSION = YES_AGGRESSIVE;
				CLANG_CXX_LANGUAGE_STANDARD = "gnu++14";
				CLANG_ENABLE_OBJC_WEAK = YES;
				CLANG_WARN_DOCUMENTATION_COMMENTS = YES;
				CLANG_WARN_UNGUARDED_AVAILABILITY = YES_AGGRESSIVE;
				CODE_SIGN_IDENTITY = "iPhone Developer";
				CODE_SIGN_STYLE = Automatic;
				COPY_PHASE_STRIP = NO;
				DEBUG_INFORMATION_FORMAT = "dwarf-with-dsym";
				GCC_C_LANGUAGE_STANDARD = gnu11;
				INFOPLIST_FILE = ViperMcFlurry_ExampleTests/Info.plist;
				IPHONEOS_DEPLOYMENT_TARGET = 12.2;
				LD_RUNPATH_SEARCH_PATHS = "$(inherited) @executable_path/Frameworks @loader_path/Frameworks";
				MTL_ENABLE_DEBUG_INFO = NO;
				MTL_FAST_MATH = YES;
				PRODUCT_BUNDLE_IDENTIFIER = "com.ViperMcFlurry-ExampleTests2";
				PRODUCT_NAME = "$(TARGET_NAME)";
				SWIFT_OPTIMIZATION_LEVEL = "-Owholemodule";
				SWIFT_VERSION = 5.0;
				TARGETED_DEVICE_FAMILY = "1,2";
				TEST_HOST = "$(BUILT_PRODUCTS_DIR)/ViperMcFlurry_Example.app/ViperMcFlurry_Example";
			};
			name = Release;
		};
		6003F5BD195388D20070C39A /* Debug */ = {
			isa = XCBuildConfiguration;
			buildSettings = {
				ALWAYS_SEARCH_USER_PATHS = NO;
				CLANG_ANALYZER_LOCALIZABILITY_NONLOCALIZED = YES;
				CLANG_CXX_LANGUAGE_STANDARD = "gnu++0x";
				CLANG_CXX_LIBRARY = "libc++";
				CLANG_ENABLE_MODULES = YES;
				CLANG_ENABLE_OBJC_ARC = YES;
				CLANG_WARN_BLOCK_CAPTURE_AUTORELEASING = YES;
				CLANG_WARN_BOOL_CONVERSION = YES;
				CLANG_WARN_COMMA = YES;
				CLANG_WARN_CONSTANT_CONVERSION = YES;
				CLANG_WARN_DEPRECATED_OBJC_IMPLEMENTATIONS = YES;
				CLANG_WARN_DIRECT_OBJC_ISA_USAGE = YES_ERROR;
				CLANG_WARN_EMPTY_BODY = YES;
				CLANG_WARN_ENUM_CONVERSION = YES;
				CLANG_WARN_INFINITE_RECURSION = YES;
				CLANG_WARN_INT_CONVERSION = YES;
				CLANG_WARN_NON_LITERAL_NULL_CONVERSION = YES;
				CLANG_WARN_OBJC_IMPLICIT_RETAIN_SELF = YES;
				CLANG_WARN_OBJC_LITERAL_CONVERSION = YES;
				CLANG_WARN_OBJC_ROOT_CLASS = YES_ERROR;
				CLANG_WARN_RANGE_LOOP_ANALYSIS = YES;
				CLANG_WARN_STRICT_PROTOTYPES = YES;
				CLANG_WARN_SUSPICIOUS_MOVE = YES;
				CLANG_WARN_UNREACHABLE_CODE = YES;
				CLANG_WARN__DUPLICATE_METHOD_MATCH = YES;
				"CODE_SIGN_IDENTITY[sdk=iphoneos*]" = "iPhone Developer";
				COPY_PHASE_STRIP = NO;
				ENABLE_STRICT_OBJC_MSGSEND = YES;
				ENABLE_TESTABILITY = YES;
				GCC_C_LANGUAGE_STANDARD = gnu99;
				GCC_DYNAMIC_NO_PIC = NO;
				GCC_NO_COMMON_BLOCKS = YES;
				GCC_OPTIMIZATION_LEVEL = 0;
				GCC_PREPROCESSOR_DEFINITIONS = (
					"DEBUG=1",
					"$(inherited)",
				);
				GCC_SYMBOLS_PRIVATE_EXTERN = NO;
				GCC_WARN_64_TO_32_BIT_CONVERSION = YES;
				GCC_WARN_ABOUT_RETURN_TYPE = YES_ERROR;
				GCC_WARN_UNDECLARED_SELECTOR = YES;
				GCC_WARN_UNINITIALIZED_AUTOS = YES_AGGRESSIVE;
				GCC_WARN_UNUSED_FUNCTION = YES;
				GCC_WARN_UNUSED_VARIABLE = YES;
				IPHONEOS_DEPLOYMENT_TARGET = 8.0;
				ONLY_ACTIVE_ARCH = YES;
				SDKROOT = iphoneos;
				TARGETED_DEVICE_FAMILY = "1,2";
			};
			name = Debug;
		};
		6003F5BE195388D20070C39A /* Release */ = {
			isa = XCBuildConfiguration;
			buildSettings = {
				ALWAYS_SEARCH_USER_PATHS = NO;
				CLANG_ANALYZER_LOCALIZABILITY_NONLOCALIZED = YES;
				CLANG_CXX_LANGUAGE_STANDARD = "gnu++0x";
				CLANG_CXX_LIBRARY = "libc++";
				CLANG_ENABLE_MODULES = YES;
				CLANG_ENABLE_OBJC_ARC = YES;
				CLANG_WARN_BLOCK_CAPTURE_AUTORELEASING = YES;
				CLANG_WARN_BOOL_CONVERSION = YES;
				CLANG_WARN_COMMA = YES;
				CLANG_WARN_CONSTANT_CONVERSION = YES;
				CLANG_WARN_DEPRECATED_OBJC_IMPLEMENTATIONS = YES;
				CLANG_WARN_DIRECT_OBJC_ISA_USAGE = YES_ERROR;
				CLANG_WARN_EMPTY_BODY = YES;
				CLANG_WARN_ENUM_CONVERSION = YES;
				CLANG_WARN_INFINITE_RECURSION = YES;
				CLANG_WARN_INT_CONVERSION = YES;
				CLANG_WARN_NON_LITERAL_NULL_CONVERSION = YES;
				CLANG_WARN_OBJC_IMPLICIT_RETAIN_SELF = YES;
				CLANG_WARN_OBJC_LITERAL_CONVERSION = YES;
				CLANG_WARN_OBJC_ROOT_CLASS = YES_ERROR;
				CLANG_WARN_RANGE_LOOP_ANALYSIS = YES;
				CLANG_WARN_STRICT_PROTOTYPES = YES;
				CLANG_WARN_SUSPICIOUS_MOVE = YES;
				CLANG_WARN_UNREACHABLE_CODE = YES;
				CLANG_WARN__DUPLICATE_METHOD_MATCH = YES;
				"CODE_SIGN_IDENTITY[sdk=iphoneos*]" = "iPhone Developer";
				COPY_PHASE_STRIP = YES;
				ENABLE_NS_ASSERTIONS = NO;
				ENABLE_STRICT_OBJC_MSGSEND = YES;
				GCC_C_LANGUAGE_STANDARD = gnu99;
				GCC_NO_COMMON_BLOCKS = YES;
				GCC_WARN_64_TO_32_BIT_CONVERSION = YES;
				GCC_WARN_ABOUT_RETURN_TYPE = YES_ERROR;
				GCC_WARN_UNDECLARED_SELECTOR = YES;
				GCC_WARN_UNINITIALIZED_AUTOS = YES_AGGRESSIVE;
				GCC_WARN_UNUSED_FUNCTION = YES;
				GCC_WARN_UNUSED_VARIABLE = YES;
				IPHONEOS_DEPLOYMENT_TARGET = 8.0;
				SDKROOT = iphoneos;
				SWIFT_COMPILATION_MODE = wholemodule;
				TARGETED_DEVICE_FAMILY = "1,2";
				VALIDATE_PRODUCT = YES;
			};
			name = Release;
		};
		6003F5C0195388D20070C39A /* Debug */ = {
			isa = XCBuildConfiguration;
			baseConfigurationReference = 3E218B7F42124CFBDB835247 /* Pods-ViperMcFlurry_Example.debug.xcconfig */;
			buildSettings = {
				ALWAYS_EMBED_SWIFT_STANDARD_LIBRARIES = YES;
				ASSETCATALOG_COMPILER_APPICON_NAME = AppIcon;
				ASSETCATALOG_COMPILER_LAUNCHIMAGE_NAME = LaunchImage;
				CLANG_ENABLE_MODULES = YES;
				DEVELOPMENT_TEAM = "";
				FRAMEWORK_SEARCH_PATHS = "$(inherited)";
				GCC_PRECOMPILE_PREFIX_HEADER = YES;
				GCC_PREFIX_HEADER = "ViperMcFlurry/ViperMcFlurry-Prefix.pch";
				INFOPLIST_FILE = "ViperMcFlurry/ViperMcFlurry-Info.plist";
				IPHONEOS_DEPLOYMENT_TARGET = 13.0;
				LD_RUNPATH_SEARCH_PATHS = "$(inherited) @executable_path/Frameworks";
				LIBRARY_SEARCH_PATHS = "$(inherited)";
				MODULE_NAME = ExampleApp;
				OTHER_LDFLAGS = "$(inherited)";
				PRODUCT_BUNDLE_IDENTIFIER = "org.cocoapods.demo.${PRODUCT_NAME:rfc1034identifier}";
				PRODUCT_NAME = "$(TARGET_NAME)";
				SWIFT_OBJC_BRIDGING_HEADER = "ViperMcFlurry_Example-Bridging-Header.h";
				SWIFT_OPTIMIZATION_LEVEL = "-Onone";
				SWIFT_VERSION = 5.0;
				WRAPPER_EXTENSION = app;
			};
			name = Debug;
		};
		6003F5C1195388D20070C39A /* Release */ = {
			isa = XCBuildConfiguration;
			baseConfigurationReference = 29CC82345586C4F662E7C65C /* Pods-ViperMcFlurry_Example.release.xcconfig */;
			buildSettings = {
				ALWAYS_EMBED_SWIFT_STANDARD_LIBRARIES = YES;
				ASSETCATALOG_COMPILER_APPICON_NAME = AppIcon;
				ASSETCATALOG_COMPILER_LAUNCHIMAGE_NAME = LaunchImage;
				CLANG_ENABLE_MODULES = YES;
				DEVELOPMENT_TEAM = "";
				FRAMEWORK_SEARCH_PATHS = "$(inherited)";
				GCC_PRECOMPILE_PREFIX_HEADER = YES;
				GCC_PREFIX_HEADER = "ViperMcFlurry/ViperMcFlurry-Prefix.pch";
				INFOPLIST_FILE = "ViperMcFlurry/ViperMcFlurry-Info.plist";
				IPHONEOS_DEPLOYMENT_TARGET = 13.0;
				LD_RUNPATH_SEARCH_PATHS = "$(inherited) @executable_path/Frameworks";
				LIBRARY_SEARCH_PATHS = "$(inherited)";
				MODULE_NAME = ExampleApp;
				OTHER_LDFLAGS = "$(inherited)";
				PRODUCT_BUNDLE_IDENTIFIER = "org.cocoapods.demo.${PRODUCT_NAME:rfc1034identifier}";
				PRODUCT_NAME = "$(TARGET_NAME)";
				SWIFT_OBJC_BRIDGING_HEADER = "ViperMcFlurry_Example-Bridging-Header.h";
				SWIFT_VERSION = 5.0;
				WRAPPER_EXTENSION = app;
			};
			name = Release;
		};
/* End XCBuildConfiguration section */

/* Begin XCConfigurationList section */
		12DD7304227AF15C003D1A2D /* Build configuration list for PBXNativeTarget "ViperMcFlurry_ExampleTests" */ = {
			isa = XCConfigurationList;
			buildConfigurations = (
				12DD7302227AF15C003D1A2D /* Debug */,
				12DD7303227AF15C003D1A2D /* Release */,
			);
			defaultConfigurationIsVisible = 0;
			defaultConfigurationName = Release;
		};
		6003F585195388D10070C39A /* Build configuration list for PBXProject "ViperMcFlurry" */ = {
			isa = XCConfigurationList;
			buildConfigurations = (
				6003F5BD195388D20070C39A /* Debug */,
				6003F5BE195388D20070C39A /* Release */,
			);
			defaultConfigurationIsVisible = 0;
			defaultConfigurationName = Release;
		};
		6003F5BF195388D20070C39A /* Build configuration list for PBXNativeTarget "ViperMcFlurry_Example" */ = {
			isa = XCConfigurationList;
			buildConfigurations = (
				6003F5C0195388D20070C39A /* Debug */,
				6003F5C1195388D20070C39A /* Release */,
			);
			defaultConfigurationIsVisible = 0;
			defaultConfigurationName = Release;
		};
/* End XCConfigurationList section */
	};
	rootObject = 6003F582195388D10070C39A /* Project object */;
}
